
Microsoft Visual Studio Solution File, Format Version 12.00
# Visual Studio Version 16
VisualStudioVersion = 16.0.32802.440
MinimumVisualStudioVersion = 10.0.40219.1
Project("{9A19103F-16F7-4668-BE54-9A1E7A4F7556}") = "BinaryStudio.Modeling.UnifiedModelingLanguage", "src\dotnet\libraries\BinaryStudio.Modeling.UnifiedModelingLanguage\BinaryStudio.Modeling.UnifiedModelingLanguage.csproj", "{D3BD5FDA-0CE4-4CC9-BCC9-21CCCBEB61DC}"
EndProject
Project("{FAE04EC0-301F-11D3-BF4B-00C04F79EFBC}") = "BinaryStudio.Modeling.VSShellPackage", "src\dotnet\packages\BinaryStudio.Modeling.VSShellPackage\BinaryStudio.Modeling.VSShellPackage.csproj", "{7994C105-8A6E-4DA9-88F1-D1CD867A9EAA}"
EndProject
Project("{9A19103F-16F7-4668-BE54-9A1E7A4F7556}") = "BinaryStudio.Modeling.PlatformUI", "src\dotnet\libraries\BinaryStudio.Modeling.PlatformUI\BinaryStudio.Modeling.PlatformUI.csproj", "{CF1F7531-1568-40B1-8E2B-59D8829EC6CC}"
EndProject
Project("{9A19103F-16F7-4668-BE54-9A1E7A4F7556}") = "BinaryStudio.PlatformUI", "src\dotnet\libraries\BinaryStudio.PlatformUI\BinaryStudio.PlatformUI.csproj", "{851F4AE5-62B5-40CB-BDDB-6B2B2BD7C198}"
EndProject
Project("{9A19103F-16F7-4668-BE54-9A1E7A4F7556}") = "BinaryStudio.Modeling", "src\dotnet\libraries\BinaryStudio.Modeling\BinaryStudio.Modeling.csproj", "{9B256AA9-D8A8-4B62-A5EA-4FE375505685}"
EndProject
Project("{9A19103F-16F7-4668-BE54-9A1E7A4F7556}") = "XYViewportSample", "src\dotnet\samples\XYViewportSample\XYViewportSample.csproj", "{78E586B8-1BB9-4A72-9441-B165FB2030C8}"
EndProject
Project("{9A19103F-16F7-4668-BE54-9A1E7A4F7556}") = "BinaryStudio.DiagnosticServices", "src\dotnet\libraries\BinaryStudio.DiagnosticServices\BinaryStudio.DiagnosticServices.csproj", "{C95424F3-2787-497C-8EB7-755F0278C86D}"
EndProject
Project("{9A19103F-16F7-4668-BE54-9A1E7A4F7556}") = "BinaryStudio.PlatformComponents", "src\dotnet\libraries\BinaryStudio.PlatformComponents\BinaryStudio.PlatformComponents.csproj", "{FFA2A274-DACF-4B62-99FC-8EE7CF15AFCE}"
EndProject
Project("{2150E333-8FDC-42A3-9474-1A3956D46DE8}") = "tests", "tests", "{23BC9A12-C1DC-4C1C-A799-0AF200780D9C}"
EndProject
Project("{9A19103F-16F7-4668-BE54-9A1E7A4F7556}") = "UnitTests.BinaryStudio.PlatformComponents", "src\dotnet\tests\UnitTests.BinaryStudio.PlatformComponents\UnitTests.BinaryStudio.PlatformComponents.csproj", "{EB798EE4-6253-4769-A733-07144EFF94BA}"
EndProject
Project("{9A19103F-16F7-4668-BE54-9A1E7A4F7556}") = "BinaryStudio.PortableExecutable", "src\dotnet\libraries\BinaryStudio.PortableExecutable\BinaryStudio.PortableExecutable.csproj", "{0B996372-EDA2-4EE2-AC3E-F7302F2080A6}"
	ProjectSection(ProjectDependencies) = postProject
		{41C9100F-371D-49D4-AAD1-B03DD2CC6BD3} = {41C9100F-371D-49D4-AAD1-B03DD2CC6BD3}
		{CCA2E5EE-3B24-41C8-8D72-28FBE4C07E4F} = {CCA2E5EE-3B24-41C8-8D72-28FBE4C07E4F}
	EndProjectSection
EndProject
Project("{9A19103F-16F7-4668-BE54-9A1E7A4F7556}") = "BinaryStudio.IO", "src\dotnet\libraries\BinaryStudio.IO\BinaryStudio.IO.csproj", "{0BAFB00A-AA45-4200-8C45-B4311BE109DA}"
EndProject
Project("{2150E333-8FDC-42A3-9474-1A3956D46DE8}") = "samples", "samples", "{BDAD0FA5-BBDF-4F6B-B117-4A222B60CB83}"
EndProject
Project("{9A19103F-16F7-4668-BE54-9A1E7A4F7556}") = "DllResources", "src\dotnet\samples\DllResources\DllResources.csproj", "{77C459EC-225F-47BF-ADFD-0ABC4A451CAB}"
EndProject
Project("{9A19103F-16F7-4668-BE54-9A1E7A4F7556}") = "BinaryStudio.Serialization", "src\dotnet\libraries\BinaryStudio.Serialization\BinaryStudio.Serialization.csproj", "{A565512C-E636-41BF-9FCB-793D4133B73F}"
EndProject
Project("{9A19103F-16F7-4668-BE54-9A1E7A4F7556}") = "HResultSample", "src\dotnet\samples\HResultSample\HResultSample.csproj", "{CB2A778D-C4F7-47DF-8F1C-55E59B22F2F0}"
EndProject
Project("{9A19103F-16F7-4668-BE54-9A1E7A4F7556}") = "BinaryStudio.VSShellServices.16", "src\dotnet\libraries\BinaryStudio.VSShellServices\BinaryStudio.VSShellServices.16.csproj", "{C16359D0-520A-41F4-91CB-DF3C190434BD}"
EndProject
Project("{9A19103F-16F7-4668-BE54-9A1E7A4F7556}") = "BinaryStudio.PortableExecutable.PlatformUI", "src\dotnet\libraries\BinaryStudio.PortableExecutable.PlatformUI\BinaryStudio.PortableExecutable.PlatformUI.csproj", "{2CE1F5F0-F79B-4CBF-8F54-3D58187C1787}"
EndProject
Project("{9A19103F-16F7-4668-BE54-9A1E7A4F7556}") = "PEView", "src\dotnet\samples\PEView\PEView.csproj", "{6FF8B5E4-B68D-4CD1-BCC4-6BDDC5A6B99D}"
EndProject
Project("{9A19103F-16F7-4668-BE54-9A1E7A4F7556}") = "PlatformUISample", "src\dotnet\samples\PlatformUISample\PlatformUISample.csproj", "{7B35F5C5-1CCD-43C5-B3A1-F885625D80DC}"
EndProject
Project("{9A19103F-16F7-4668-BE54-9A1E7A4F7556}") = "BinaryStudio.Security.Cryptography.AbstractSyntaxNotation", "src\dotnet\libraries\BinaryStudio.Security.Cryptography.AbstractSyntaxNotation\BinaryStudio.Security.Cryptography.AbstractSyntaxNotation.csproj", "{DE9B959E-C5E1-4D74-8EEF-2C831EF9B464}"
EndProject
Project("{9A19103F-16F7-4668-BE54-9A1E7A4F7556}") = "BinaryStudio.Security.Cryptography.Certificates", "src\dotnet\libraries\BinaryStudio.Security.Cryptography.Certificates\BinaryStudio.Security.Cryptography.Certificates.csproj", "{2CA08DCF-0135-4607-B940-AF65BD4A3473}"
EndProject
Project("{9A19103F-16F7-4668-BE54-9A1E7A4F7556}") = "BinaryStudio.Security.Cryptography", "src\dotnet\libraries\BinaryStudio.Security.Cryptography\BinaryStudio.Security.Cryptography.csproj", "{9D80A974-3E3C-44BF-AA94-EB361C491278}"
EndProject
Project("{9A19103F-16F7-4668-BE54-9A1E7A4F7556}") = "UnitTests.BinaryStudio.Security.Cryptography.Certificates", "src\dotnet\tests\UnitTests.BinaryStudio.Security.Cryptography.Certificates\UnitTests.BinaryStudio.Security.Cryptography.Certificates.csproj", "{9CEBE5EF-3845-4DBF-8058-AD9E0401B016}"
EndProject
Project("{9A19103F-16F7-4668-BE54-9A1E7A4F7556}") = "UnitTests.BinaryStudio.Task", "src\dotnet\tests\UnitTests.BinaryStudio.Task\UnitTests.BinaryStudio.Task.csproj", "{397120FD-4B52-4D60-9E67-448E8EFE4FAC}"
EndProject
Project("{9A19103F-16F7-4668-BE54-9A1E7A4F7556}") = "BinaryStudio.DirectoryServices", "src\dotnet\libraries\BinaryStudio.DirectoryServices\BinaryStudio.DirectoryServices.csproj", "{FD3581D0-72D2-4403-8250-3B1D00BD8465}"
EndProject
Project("{9A19103F-16F7-4668-BE54-9A1E7A4F7556}") = "BinaryStudio.Security.Cryptography.PlatformUI", "src\dotnet\libraries\BinaryStudio.Security.Cryptography.PlatformUI\BinaryStudio.Security.Cryptography.PlatformUI.csproj", "{3FE0D8D2-AF2E-4510-B81E-230D325147F6}"
EndProject
Project("{9A19103F-16F7-4668-BE54-9A1E7A4F7556}") = "BinaryStudio.Security.Cryptography.CryptographicMessageSyntax", "src\dotnet\libraries\BinaryStudio.Security.Cryptography.CryptographicMessageSyntax\BinaryStudio.Security.Cryptography.CryptographicMessageSyntax.csproj", "{4C6B0688-F528-41FA-A137-AF5AD15AEFEE}"
EndProject
Project("{9A19103F-16F7-4668-BE54-9A1E7A4F7556}") = "BinaryStudio.DataProcessing", "src\dotnet\libraries\BinaryStudio.DataProcessing\BinaryStudio.DataProcessing.csproj", "{FABEA7BA-B007-47C0-BC51-97A8A31E1E4E}"
EndProject
Project("{9A19103F-16F7-4668-BE54-9A1E7A4F7556}") = "kit", "src\dotnet\kit\kit.csproj", "{103218ED-4AA1-413F-99B2-F7C9554C5EE4}"
	ProjectSection(ProjectDependencies) = postProject
		{376C8728-5301-4A29-B245-126DBCBE6086} = {376C8728-5301-4A29-B245-126DBCBE6086}
	EndProjectSection
EndProject
Project("{9A19103F-16F7-4668-BE54-9A1E7A4F7556}") = "BinaryStudio.Security.Cryptography.Interchange", "src\dotnet\libraries\BinaryStudio.Security.Cryptography.Interchange\BinaryStudio.Security.Cryptography.Interchange.csproj", "{4345733E-F46D-4315-9ED6-E5695078FB39}"
EndProject
Project("{9A19103F-16F7-4668-BE54-9A1E7A4F7556}") = "xhlp", "src\dotnet\tools\xhlp\xhlp.csproj", "{376C8728-5301-4A29-B245-126DBCBE6086}"
EndProject
Project("{9A19103F-16F7-4668-BE54-9A1E7A4F7556}") = "UnitTests.BinaryStudio.PortableExecutable", "src\dotnet\tests\UnitTests.BinaryStudio.PortableExecutable\UnitTests.BinaryStudio.PortableExecutable.csproj", "{B37E2ED9-9F7B-414D-8380-492EC55683CF}"
EndProject
Project("{8BC9CEB8-8B4A-11D0-8D11-00A0C91BC942}") = "clrx86", "src\cc\clr\clrx86.vcxproj", "{CCA2E5EE-3B24-41C8-8D72-28FBE4C07E4F}"
EndProject
Project("{8BC9CEB8-8B4A-11D0-8D11-00A0C91BC942}") = "clrx64", "src\cc\clr\clrx64.vcxproj", "{41C9100F-371D-49D4-AAD1-B03DD2CC6BD3}"
EndProject
Project("{8BC9CEB8-8B4A-11D0-8D11-00A0C91BC942}") = "libclrx64", "src\cc\clr\libclrx64.vcxproj", "{6A598B6B-7541-47F8-9C83-A4C8713788F5}"
	ProjectSection(ProjectDependencies) = postProject
		{15C3AC39-D93D-4E52-8DCC-C8E61828B220} = {15C3AC39-D93D-4E52-8DCC-C8E61828B220}
	EndProjectSection
EndProject
Project("{8BC9CEB8-8B4A-11D0-8D11-00A0C91BC942}") = "libclrx86", "src\cc\clr\libclrx86.vcxproj", "{7FA4447C-0EF1-4368-A135-8FEDC043C972}"
	ProjectSection(ProjectDependencies) = postProject
		{48853572-DA26-4F02-B25E-0B1861E40A70} = {48853572-DA26-4F02-B25E-0B1861E40A70}
	EndProjectSection
EndProject
Project("{8BC9CEB8-8B4A-11D0-8D11-00A0C91BC942}") = "libntx64", "src\cc\ntdll\libntx64.vcxproj", "{15C3AC39-D93D-4E52-8DCC-C8E61828B220}"
EndProject
Project("{8BC9CEB8-8B4A-11D0-8D11-00A0C91BC942}") = "libntx86", "src\cc\ntdll\libntx86.vcxproj", "{48853572-DA26-4F02-B25E-0B1861E40A70}"
EndProject
Project("{9A19103F-16F7-4668-BE54-9A1E7A4F7556}") = "shell", "src\dotnet\shell\shell.csproj", "{A723B362-0BC0-4302-A666-97B488A4543A}"
EndProject
Project("{2150E333-8FDC-42A3-9474-1A3956D46DE8}") = "Solution Items", "Solution Items", "{3F12F4DA-7663-46F8-994C-A64612EAD1A6}"
	ProjectSection(SolutionItems) = preProject
		.editorconfig = .editorconfig
	EndProjectSection
EndProject
Global
	GlobalSection(SolutionConfigurationPlatforms) = preSolution
		Debug|Any CPU = Debug|Any CPU
		Debug|ARM = Debug|ARM
		Debug|ARM64 = Debug|ARM64
		Debug|x64 = Debug|x64
		Debug|x86 = Debug|x86
		Release|Any CPU = Release|Any CPU
		Release|ARM = Release|ARM
		Release|ARM64 = Release|ARM64
		Release|x64 = Release|x64
		Release|x86 = Release|x86
	EndGlobalSection
	GlobalSection(ProjectConfigurationPlatforms) = postSolution
		{D3BD5FDA-0CE4-4CC9-BCC9-21CCCBEB61DC}.Debug|Any CPU.ActiveCfg = Debug|Any CPU
		{D3BD5FDA-0CE4-4CC9-BCC9-21CCCBEB61DC}.Debug|Any CPU.Build.0 = Debug|Any CPU
		{D3BD5FDA-0CE4-4CC9-BCC9-21CCCBEB61DC}.Debug|ARM.ActiveCfg = Debug|Any CPU
		{D3BD5FDA-0CE4-4CC9-BCC9-21CCCBEB61DC}.Debug|ARM.Build.0 = Debug|Any CPU
		{D3BD5FDA-0CE4-4CC9-BCC9-21CCCBEB61DC}.Debug|ARM64.ActiveCfg = Debug|Any CPU
		{D3BD5FDA-0CE4-4CC9-BCC9-21CCCBEB61DC}.Debug|ARM64.Build.0 = Debug|Any CPU
		{D3BD5FDA-0CE4-4CC9-BCC9-21CCCBEB61DC}.Debug|x64.ActiveCfg = Debug|Any CPU
		{D3BD5FDA-0CE4-4CC9-BCC9-21CCCBEB61DC}.Debug|x64.Build.0 = Debug|Any CPU
		{D3BD5FDA-0CE4-4CC9-BCC9-21CCCBEB61DC}.Debug|x86.ActiveCfg = Debug|Any CPU
		{D3BD5FDA-0CE4-4CC9-BCC9-21CCCBEB61DC}.Debug|x86.Build.0 = Debug|Any CPU
		{D3BD5FDA-0CE4-4CC9-BCC9-21CCCBEB61DC}.Release|Any CPU.ActiveCfg = Release|Any CPU
		{D3BD5FDA-0CE4-4CC9-BCC9-21CCCBEB61DC}.Release|Any CPU.Build.0 = Release|Any CPU
		{D3BD5FDA-0CE4-4CC9-BCC9-21CCCBEB61DC}.Release|ARM.ActiveCfg = Release|Any CPU
		{D3BD5FDA-0CE4-4CC9-BCC9-21CCCBEB61DC}.Release|ARM.Build.0 = Release|Any CPU
		{D3BD5FDA-0CE4-4CC9-BCC9-21CCCBEB61DC}.Release|ARM64.ActiveCfg = Release|Any CPU
		{D3BD5FDA-0CE4-4CC9-BCC9-21CCCBEB61DC}.Release|ARM64.Build.0 = Release|Any CPU
		{D3BD5FDA-0CE4-4CC9-BCC9-21CCCBEB61DC}.Release|x64.ActiveCfg = Release|Any CPU
		{D3BD5FDA-0CE4-4CC9-BCC9-21CCCBEB61DC}.Release|x64.Build.0 = Release|Any CPU
		{D3BD5FDA-0CE4-4CC9-BCC9-21CCCBEB61DC}.Release|x86.ActiveCfg = Release|Any CPU
		{D3BD5FDA-0CE4-4CC9-BCC9-21CCCBEB61DC}.Release|x86.Build.0 = Release|Any CPU
		{7994C105-8A6E-4DA9-88F1-D1CD867A9EAA}.Debug|Any CPU.ActiveCfg = Debug|Any CPU
		{7994C105-8A6E-4DA9-88F1-D1CD867A9EAA}.Debug|Any CPU.Build.0 = Debug|Any CPU
		{7994C105-8A6E-4DA9-88F1-D1CD867A9EAA}.Debug|ARM.ActiveCfg = Debug|Any CPU
		{7994C105-8A6E-4DA9-88F1-D1CD867A9EAA}.Debug|ARM64.ActiveCfg = Debug|Any CPU
		{7994C105-8A6E-4DA9-88F1-D1CD867A9EAA}.Debug|x64.ActiveCfg = Debug|Any CPU
		{7994C105-8A6E-4DA9-88F1-D1CD867A9EAA}.Debug|x86.ActiveCfg = Debug|Any CPU
		{7994C105-8A6E-4DA9-88F1-D1CD867A9EAA}.Release|Any CPU.ActiveCfg = Release|Any CPU
		{7994C105-8A6E-4DA9-88F1-D1CD867A9EAA}.Release|Any CPU.Build.0 = Release|Any CPU
		{7994C105-8A6E-4DA9-88F1-D1CD867A9EAA}.Release|ARM.ActiveCfg = Release|Any CPU
		{7994C105-8A6E-4DA9-88F1-D1CD867A9EAA}.Release|ARM64.ActiveCfg = Release|Any CPU
		{7994C105-8A6E-4DA9-88F1-D1CD867A9EAA}.Release|x64.ActiveCfg = Release|Any CPU
		{7994C105-8A6E-4DA9-88F1-D1CD867A9EAA}.Release|x86.ActiveCfg = Release|Any CPU
		{CF1F7531-1568-40B1-8E2B-59D8829EC6CC}.Debug|Any CPU.ActiveCfg = Debug|Any CPU
		{CF1F7531-1568-40B1-8E2B-59D8829EC6CC}.Debug|Any CPU.Build.0 = Debug|Any CPU
		{CF1F7531-1568-40B1-8E2B-59D8829EC6CC}.Debug|ARM.ActiveCfg = Debug|Any CPU
		{CF1F7531-1568-40B1-8E2B-59D8829EC6CC}.Debug|ARM.Build.0 = Debug|Any CPU
		{CF1F7531-1568-40B1-8E2B-59D8829EC6CC}.Debug|ARM64.ActiveCfg = Debug|Any CPU
		{CF1F7531-1568-40B1-8E2B-59D8829EC6CC}.Debug|ARM64.Build.0 = Debug|Any CPU
		{CF1F7531-1568-40B1-8E2B-59D8829EC6CC}.Debug|x64.ActiveCfg = Debug|Any CPU
		{CF1F7531-1568-40B1-8E2B-59D8829EC6CC}.Debug|x64.Build.0 = Debug|Any CPU
		{CF1F7531-1568-40B1-8E2B-59D8829EC6CC}.Debug|x86.ActiveCfg = Debug|Any CPU
		{CF1F7531-1568-40B1-8E2B-59D8829EC6CC}.Debug|x86.Build.0 = Debug|Any CPU
		{CF1F7531-1568-40B1-8E2B-59D8829EC6CC}.Release|Any CPU.ActiveCfg = Release|Any CPU
		{CF1F7531-1568-40B1-8E2B-59D8829EC6CC}.Release|Any CPU.Build.0 = Release|Any CPU
		{CF1F7531-1568-40B1-8E2B-59D8829EC6CC}.Release|ARM.ActiveCfg = Release|Any CPU
		{CF1F7531-1568-40B1-8E2B-59D8829EC6CC}.Release|ARM.Build.0 = Release|Any CPU
		{CF1F7531-1568-40B1-8E2B-59D8829EC6CC}.Release|ARM64.ActiveCfg = Release|Any CPU
		{CF1F7531-1568-40B1-8E2B-59D8829EC6CC}.Release|ARM64.Build.0 = Release|Any CPU
		{CF1F7531-1568-40B1-8E2B-59D8829EC6CC}.Release|x64.ActiveCfg = Release|Any CPU
		{CF1F7531-1568-40B1-8E2B-59D8829EC6CC}.Release|x64.Build.0 = Release|Any CPU
		{CF1F7531-1568-40B1-8E2B-59D8829EC6CC}.Release|x86.ActiveCfg = Release|Any CPU
		{CF1F7531-1568-40B1-8E2B-59D8829EC6CC}.Release|x86.Build.0 = Release|Any CPU
		{851F4AE5-62B5-40CB-BDDB-6B2B2BD7C198}.Debug|Any CPU.ActiveCfg = Debug|Any CPU
		{851F4AE5-62B5-40CB-BDDB-6B2B2BD7C198}.Debug|Any CPU.Build.0 = Debug|Any CPU
		{851F4AE5-62B5-40CB-BDDB-6B2B2BD7C198}.Debug|ARM.ActiveCfg = Debug|Any CPU
		{851F4AE5-62B5-40CB-BDDB-6B2B2BD7C198}.Debug|ARM.Build.0 = Debug|Any CPU
		{851F4AE5-62B5-40CB-BDDB-6B2B2BD7C198}.Debug|ARM64.ActiveCfg = Debug|Any CPU
		{851F4AE5-62B5-40CB-BDDB-6B2B2BD7C198}.Debug|ARM64.Build.0 = Debug|Any CPU
		{851F4AE5-62B5-40CB-BDDB-6B2B2BD7C198}.Debug|x64.ActiveCfg = Debug|Any CPU
		{851F4AE5-62B5-40CB-BDDB-6B2B2BD7C198}.Debug|x64.Build.0 = Debug|Any CPU
		{851F4AE5-62B5-40CB-BDDB-6B2B2BD7C198}.Debug|x86.ActiveCfg = Debug|Any CPU
		{851F4AE5-62B5-40CB-BDDB-6B2B2BD7C198}.Debug|x86.Build.0 = Debug|Any CPU
		{851F4AE5-62B5-40CB-BDDB-6B2B2BD7C198}.Release|Any CPU.ActiveCfg = Release|Any CPU
		{851F4AE5-62B5-40CB-BDDB-6B2B2BD7C198}.Release|Any CPU.Build.0 = Release|Any CPU
		{851F4AE5-62B5-40CB-BDDB-6B2B2BD7C198}.Release|ARM.ActiveCfg = Release|Any CPU
		{851F4AE5-62B5-40CB-BDDB-6B2B2BD7C198}.Release|ARM.Build.0 = Release|Any CPU
		{851F4AE5-62B5-40CB-BDDB-6B2B2BD7C198}.Release|ARM64.ActiveCfg = Release|Any CPU
		{851F4AE5-62B5-40CB-BDDB-6B2B2BD7C198}.Release|ARM64.Build.0 = Release|Any CPU
		{851F4AE5-62B5-40CB-BDDB-6B2B2BD7C198}.Release|x64.ActiveCfg = Release|Any CPU
		{851F4AE5-62B5-40CB-BDDB-6B2B2BD7C198}.Release|x64.Build.0 = Release|Any CPU
		{851F4AE5-62B5-40CB-BDDB-6B2B2BD7C198}.Release|x86.ActiveCfg = Release|Any CPU
		{851F4AE5-62B5-40CB-BDDB-6B2B2BD7C198}.Release|x86.Build.0 = Release|Any CPU
		{9B256AA9-D8A8-4B62-A5EA-4FE375505685}.Debug|Any CPU.ActiveCfg = Debug|Any CPU
		{9B256AA9-D8A8-4B62-A5EA-4FE375505685}.Debug|Any CPU.Build.0 = Debug|Any CPU
		{9B256AA9-D8A8-4B62-A5EA-4FE375505685}.Debug|ARM.ActiveCfg = Debug|Any CPU
		{9B256AA9-D8A8-4B62-A5EA-4FE375505685}.Debug|ARM.Build.0 = Debug|Any CPU
		{9B256AA9-D8A8-4B62-A5EA-4FE375505685}.Debug|ARM64.ActiveCfg = Debug|Any CPU
		{9B256AA9-D8A8-4B62-A5EA-4FE375505685}.Debug|ARM64.Build.0 = Debug|Any CPU
		{9B256AA9-D8A8-4B62-A5EA-4FE375505685}.Debug|x64.ActiveCfg = Debug|Any CPU
		{9B256AA9-D8A8-4B62-A5EA-4FE375505685}.Debug|x64.Build.0 = Debug|Any CPU
		{9B256AA9-D8A8-4B62-A5EA-4FE375505685}.Debug|x86.ActiveCfg = Debug|Any CPU
		{9B256AA9-D8A8-4B62-A5EA-4FE375505685}.Debug|x86.Build.0 = Debug|Any CPU
		{9B256AA9-D8A8-4B62-A5EA-4FE375505685}.Release|Any CPU.ActiveCfg = Release|Any CPU
		{9B256AA9-D8A8-4B62-A5EA-4FE375505685}.Release|Any CPU.Build.0 = Release|Any CPU
		{9B256AA9-D8A8-4B62-A5EA-4FE375505685}.Release|ARM.ActiveCfg = Release|Any CPU
		{9B256AA9-D8A8-4B62-A5EA-4FE375505685}.Release|ARM.Build.0 = Release|Any CPU
		{9B256AA9-D8A8-4B62-A5EA-4FE375505685}.Release|ARM64.ActiveCfg = Release|Any CPU
		{9B256AA9-D8A8-4B62-A5EA-4FE375505685}.Release|ARM64.Build.0 = Release|Any CPU
		{9B256AA9-D8A8-4B62-A5EA-4FE375505685}.Release|x64.ActiveCfg = Release|Any CPU
		{9B256AA9-D8A8-4B62-A5EA-4FE375505685}.Release|x64.Build.0 = Release|Any CPU
		{9B256AA9-D8A8-4B62-A5EA-4FE375505685}.Release|x86.ActiveCfg = Release|Any CPU
		{9B256AA9-D8A8-4B62-A5EA-4FE375505685}.Release|x86.Build.0 = Release|Any CPU
		{78E586B8-1BB9-4A72-9441-B165FB2030C8}.Debug|Any CPU.ActiveCfg = Debug|Any CPU
		{78E586B8-1BB9-4A72-9441-B165FB2030C8}.Debug|Any CPU.Build.0 = Debug|Any CPU
		{78E586B8-1BB9-4A72-9441-B165FB2030C8}.Debug|ARM.ActiveCfg = Debug|Any CPU
		{78E586B8-1BB9-4A72-9441-B165FB2030C8}.Debug|ARM64.ActiveCfg = Debug|Any CPU
		{78E586B8-1BB9-4A72-9441-B165FB2030C8}.Debug|x64.ActiveCfg = Debug|Any CPU
		{78E586B8-1BB9-4A72-9441-B165FB2030C8}.Debug|x86.ActiveCfg = Debug|Any CPU
		{78E586B8-1BB9-4A72-9441-B165FB2030C8}.Release|Any CPU.ActiveCfg = Release|Any CPU
		{78E586B8-1BB9-4A72-9441-B165FB2030C8}.Release|Any CPU.Build.0 = Release|Any CPU
		{78E586B8-1BB9-4A72-9441-B165FB2030C8}.Release|ARM.ActiveCfg = Release|Any CPU
		{78E586B8-1BB9-4A72-9441-B165FB2030C8}.Release|ARM64.ActiveCfg = Release|Any CPU
		{78E586B8-1BB9-4A72-9441-B165FB2030C8}.Release|x64.ActiveCfg = Release|Any CPU
		{78E586B8-1BB9-4A72-9441-B165FB2030C8}.Release|x86.ActiveCfg = Release|Any CPU
		{C95424F3-2787-497C-8EB7-755F0278C86D}.Debug|Any CPU.ActiveCfg = Debug|Any CPU
		{C95424F3-2787-497C-8EB7-755F0278C86D}.Debug|Any CPU.Build.0 = Debug|Any CPU
		{C95424F3-2787-497C-8EB7-755F0278C86D}.Debug|ARM.ActiveCfg = Debug|Any CPU
		{C95424F3-2787-497C-8EB7-755F0278C86D}.Debug|ARM.Build.0 = Debug|Any CPU
		{C95424F3-2787-497C-8EB7-755F0278C86D}.Debug|ARM64.ActiveCfg = Debug|Any CPU
		{C95424F3-2787-497C-8EB7-755F0278C86D}.Debug|ARM64.Build.0 = Debug|Any CPU
		{C95424F3-2787-497C-8EB7-755F0278C86D}.Debug|x64.ActiveCfg = Debug|Any CPU
		{C95424F3-2787-497C-8EB7-755F0278C86D}.Debug|x64.Build.0 = Debug|Any CPU
		{C95424F3-2787-497C-8EB7-755F0278C86D}.Debug|x86.ActiveCfg = Debug|Any CPU
		{C95424F3-2787-497C-8EB7-755F0278C86D}.Debug|x86.Build.0 = Debug|Any CPU
		{C95424F3-2787-497C-8EB7-755F0278C86D}.Release|Any CPU.ActiveCfg = Release|Any CPU
		{C95424F3-2787-497C-8EB7-755F0278C86D}.Release|Any CPU.Build.0 = Release|Any CPU
		{C95424F3-2787-497C-8EB7-755F0278C86D}.Release|ARM.ActiveCfg = Release|Any CPU
		{C95424F3-2787-497C-8EB7-755F0278C86D}.Release|ARM.Build.0 = Release|Any CPU
		{C95424F3-2787-497C-8EB7-755F0278C86D}.Release|ARM64.ActiveCfg = Release|Any CPU
		{C95424F3-2787-497C-8EB7-755F0278C86D}.Release|ARM64.Build.0 = Release|Any CPU
		{C95424F3-2787-497C-8EB7-755F0278C86D}.Release|x64.ActiveCfg = Release|Any CPU
		{C95424F3-2787-497C-8EB7-755F0278C86D}.Release|x64.Build.0 = Release|Any CPU
		{C95424F3-2787-497C-8EB7-755F0278C86D}.Release|x86.ActiveCfg = Release|Any CPU
		{C95424F3-2787-497C-8EB7-755F0278C86D}.Release|x86.Build.0 = Release|Any CPU
		{FFA2A274-DACF-4B62-99FC-8EE7CF15AFCE}.Debug|Any CPU.ActiveCfg = Debug|Any CPU
		{FFA2A274-DACF-4B62-99FC-8EE7CF15AFCE}.Debug|Any CPU.Build.0 = Debug|Any CPU
		{FFA2A274-DACF-4B62-99FC-8EE7CF15AFCE}.Debug|ARM.ActiveCfg = Debug|Any CPU
		{FFA2A274-DACF-4B62-99FC-8EE7CF15AFCE}.Debug|ARM.Build.0 = Debug|Any CPU
		{FFA2A274-DACF-4B62-99FC-8EE7CF15AFCE}.Debug|ARM64.ActiveCfg = Debug|Any CPU
		{FFA2A274-DACF-4B62-99FC-8EE7CF15AFCE}.Debug|ARM64.Build.0 = Debug|Any CPU
		{FFA2A274-DACF-4B62-99FC-8EE7CF15AFCE}.Debug|x64.ActiveCfg = Debug|Any CPU
		{FFA2A274-DACF-4B62-99FC-8EE7CF15AFCE}.Debug|x64.Build.0 = Debug|Any CPU
		{FFA2A274-DACF-4B62-99FC-8EE7CF15AFCE}.Debug|x86.ActiveCfg = Debug|Any CPU
		{FFA2A274-DACF-4B62-99FC-8EE7CF15AFCE}.Debug|x86.Build.0 = Debug|Any CPU
		{FFA2A274-DACF-4B62-99FC-8EE7CF15AFCE}.Release|Any CPU.ActiveCfg = Release|Any CPU
		{FFA2A274-DACF-4B62-99FC-8EE7CF15AFCE}.Release|Any CPU.Build.0 = Release|Any CPU
		{FFA2A274-DACF-4B62-99FC-8EE7CF15AFCE}.Release|ARM.ActiveCfg = Release|Any CPU
		{FFA2A274-DACF-4B62-99FC-8EE7CF15AFCE}.Release|ARM.Build.0 = Release|Any CPU
		{FFA2A274-DACF-4B62-99FC-8EE7CF15AFCE}.Release|ARM64.ActiveCfg = Release|Any CPU
		{FFA2A274-DACF-4B62-99FC-8EE7CF15AFCE}.Release|ARM64.Build.0 = Release|Any CPU
		{FFA2A274-DACF-4B62-99FC-8EE7CF15AFCE}.Release|x64.ActiveCfg = Release|Any CPU
		{FFA2A274-DACF-4B62-99FC-8EE7CF15AFCE}.Release|x64.Build.0 = Release|Any CPU
		{FFA2A274-DACF-4B62-99FC-8EE7CF15AFCE}.Release|x86.ActiveCfg = Release|Any CPU
		{FFA2A274-DACF-4B62-99FC-8EE7CF15AFCE}.Release|x86.Build.0 = Release|Any CPU
		{EB798EE4-6253-4769-A733-07144EFF94BA}.Debug|Any CPU.ActiveCfg = Debug|Any CPU
		{EB798EE4-6253-4769-A733-07144EFF94BA}.Debug|Any CPU.Build.0 = Debug|Any CPU
		{EB798EE4-6253-4769-A733-07144EFF94BA}.Debug|ARM.ActiveCfg = Debug|Any CPU
		{EB798EE4-6253-4769-A733-07144EFF94BA}.Debug|ARM.Build.0 = Debug|Any CPU
		{EB798EE4-6253-4769-A733-07144EFF94BA}.Debug|ARM64.ActiveCfg = Debug|Any CPU
		{EB798EE4-6253-4769-A733-07144EFF94BA}.Debug|ARM64.Build.0 = Debug|Any CPU
		{EB798EE4-6253-4769-A733-07144EFF94BA}.Debug|x64.ActiveCfg = Debug|Any CPU
		{EB798EE4-6253-4769-A733-07144EFF94BA}.Debug|x64.Build.0 = Debug|Any CPU
		{EB798EE4-6253-4769-A733-07144EFF94BA}.Debug|x86.ActiveCfg = Debug|Any CPU
		{EB798EE4-6253-4769-A733-07144EFF94BA}.Debug|x86.Build.0 = Debug|Any CPU
		{EB798EE4-6253-4769-A733-07144EFF94BA}.Release|Any CPU.ActiveCfg = Release|Any CPU
		{EB798EE4-6253-4769-A733-07144EFF94BA}.Release|Any CPU.Build.0 = Release|Any CPU
		{EB798EE4-6253-4769-A733-07144EFF94BA}.Release|ARM.ActiveCfg = Release|Any CPU
		{EB798EE4-6253-4769-A733-07144EFF94BA}.Release|ARM.Build.0 = Release|Any CPU
		{EB798EE4-6253-4769-A733-07144EFF94BA}.Release|ARM64.ActiveCfg = Release|Any CPU
		{EB798EE4-6253-4769-A733-07144EFF94BA}.Release|ARM64.Build.0 = Release|Any CPU
		{EB798EE4-6253-4769-A733-07144EFF94BA}.Release|x64.ActiveCfg = Release|Any CPU
		{EB798EE4-6253-4769-A733-07144EFF94BA}.Release|x64.Build.0 = Release|Any CPU
		{EB798EE4-6253-4769-A733-07144EFF94BA}.Release|x86.ActiveCfg = Release|Any CPU
		{EB798EE4-6253-4769-A733-07144EFF94BA}.Release|x86.Build.0 = Release|Any CPU
		{0B996372-EDA2-4EE2-AC3E-F7302F2080A6}.Debug|Any CPU.ActiveCfg = Debug|Any CPU
		{0B996372-EDA2-4EE2-AC3E-F7302F2080A6}.Debug|Any CPU.Build.0 = Debug|Any CPU
		{0B996372-EDA2-4EE2-AC3E-F7302F2080A6}.Debug|ARM.ActiveCfg = Debug|Any CPU
		{0B996372-EDA2-4EE2-AC3E-F7302F2080A6}.Debug|ARM.Build.0 = Debug|Any CPU
		{0B996372-EDA2-4EE2-AC3E-F7302F2080A6}.Debug|ARM64.ActiveCfg = Debug|Any CPU
		{0B996372-EDA2-4EE2-AC3E-F7302F2080A6}.Debug|ARM64.Build.0 = Debug|Any CPU
		{0B996372-EDA2-4EE2-AC3E-F7302F2080A6}.Debug|x64.ActiveCfg = Debug|Any CPU
		{0B996372-EDA2-4EE2-AC3E-F7302F2080A6}.Debug|x64.Build.0 = Debug|Any CPU
		{0B996372-EDA2-4EE2-AC3E-F7302F2080A6}.Debug|x86.ActiveCfg = Debug|Any CPU
		{0B996372-EDA2-4EE2-AC3E-F7302F2080A6}.Debug|x86.Build.0 = Debug|Any CPU
		{0B996372-EDA2-4EE2-AC3E-F7302F2080A6}.Release|Any CPU.ActiveCfg = Release|Any CPU
		{0B996372-EDA2-4EE2-AC3E-F7302F2080A6}.Release|Any CPU.Build.0 = Release|Any CPU
		{0B996372-EDA2-4EE2-AC3E-F7302F2080A6}.Release|ARM.ActiveCfg = Release|Any CPU
		{0B996372-EDA2-4EE2-AC3E-F7302F2080A6}.Release|ARM.Build.0 = Release|Any CPU
		{0B996372-EDA2-4EE2-AC3E-F7302F2080A6}.Release|ARM64.ActiveCfg = Release|Any CPU
		{0B996372-EDA2-4EE2-AC3E-F7302F2080A6}.Release|ARM64.Build.0 = Release|Any CPU
		{0B996372-EDA2-4EE2-AC3E-F7302F2080A6}.Release|x64.ActiveCfg = Release|Any CPU
		{0B996372-EDA2-4EE2-AC3E-F7302F2080A6}.Release|x64.Build.0 = Release|Any CPU
		{0B996372-EDA2-4EE2-AC3E-F7302F2080A6}.Release|x86.ActiveCfg = Release|Any CPU
		{0B996372-EDA2-4EE2-AC3E-F7302F2080A6}.Release|x86.Build.0 = Release|Any CPU
		{0BAFB00A-AA45-4200-8C45-B4311BE109DA}.Debug|Any CPU.ActiveCfg = Debug|Any CPU
		{0BAFB00A-AA45-4200-8C45-B4311BE109DA}.Debug|Any CPU.Build.0 = Debug|Any CPU
		{0BAFB00A-AA45-4200-8C45-B4311BE109DA}.Debug|ARM.ActiveCfg = Debug|Any CPU
		{0BAFB00A-AA45-4200-8C45-B4311BE109DA}.Debug|ARM.Build.0 = Debug|Any CPU
		{0BAFB00A-AA45-4200-8C45-B4311BE109DA}.Debug|ARM64.ActiveCfg = Debug|Any CPU
		{0BAFB00A-AA45-4200-8C45-B4311BE109DA}.Debug|ARM64.Build.0 = Debug|Any CPU
		{0BAFB00A-AA45-4200-8C45-B4311BE109DA}.Debug|x64.ActiveCfg = Debug|Any CPU
		{0BAFB00A-AA45-4200-8C45-B4311BE109DA}.Debug|x64.Build.0 = Debug|Any CPU
		{0BAFB00A-AA45-4200-8C45-B4311BE109DA}.Debug|x86.ActiveCfg = Debug|Any CPU
		{0BAFB00A-AA45-4200-8C45-B4311BE109DA}.Debug|x86.Build.0 = Debug|Any CPU
		{0BAFB00A-AA45-4200-8C45-B4311BE109DA}.Release|Any CPU.ActiveCfg = Release|Any CPU
		{0BAFB00A-AA45-4200-8C45-B4311BE109DA}.Release|Any CPU.Build.0 = Release|Any CPU
		{0BAFB00A-AA45-4200-8C45-B4311BE109DA}.Release|ARM.ActiveCfg = Release|Any CPU
		{0BAFB00A-AA45-4200-8C45-B4311BE109DA}.Release|ARM.Build.0 = Release|Any CPU
		{0BAFB00A-AA45-4200-8C45-B4311BE109DA}.Release|ARM64.ActiveCfg = Release|Any CPU
		{0BAFB00A-AA45-4200-8C45-B4311BE109DA}.Release|ARM64.Build.0 = Release|Any CPU
		{0BAFB00A-AA45-4200-8C45-B4311BE109DA}.Release|x64.ActiveCfg = Release|Any CPU
		{0BAFB00A-AA45-4200-8C45-B4311BE109DA}.Release|x64.Build.0 = Release|Any CPU
		{0BAFB00A-AA45-4200-8C45-B4311BE109DA}.Release|x86.ActiveCfg = Release|Any CPU
		{0BAFB00A-AA45-4200-8C45-B4311BE109DA}.Release|x86.Build.0 = Release|Any CPU
		{77C459EC-225F-47BF-ADFD-0ABC4A451CAB}.Debug|Any CPU.ActiveCfg = Debug|Any CPU
		{77C459EC-225F-47BF-ADFD-0ABC4A451CAB}.Debug|Any CPU.Build.0 = Debug|Any CPU
		{77C459EC-225F-47BF-ADFD-0ABC4A451CAB}.Debug|ARM.ActiveCfg = Debug|Any CPU
		{77C459EC-225F-47BF-ADFD-0ABC4A451CAB}.Debug|ARM64.ActiveCfg = Debug|Any CPU
		{77C459EC-225F-47BF-ADFD-0ABC4A451CAB}.Debug|x64.ActiveCfg = Debug|Any CPU
		{77C459EC-225F-47BF-ADFD-0ABC4A451CAB}.Debug|x86.ActiveCfg = Debug|Any CPU
		{77C459EC-225F-47BF-ADFD-0ABC4A451CAB}.Release|Any CPU.ActiveCfg = Release|Any CPU
		{77C459EC-225F-47BF-ADFD-0ABC4A451CAB}.Release|Any CPU.Build.0 = Release|Any CPU
		{77C459EC-225F-47BF-ADFD-0ABC4A451CAB}.Release|ARM.ActiveCfg = Release|Any CPU
		{77C459EC-225F-47BF-ADFD-0ABC4A451CAB}.Release|ARM64.ActiveCfg = Release|Any CPU
		{77C459EC-225F-47BF-ADFD-0ABC4A451CAB}.Release|x64.ActiveCfg = Release|Any CPU
		{77C459EC-225F-47BF-ADFD-0ABC4A451CAB}.Release|x86.ActiveCfg = Release|Any CPU
		{A565512C-E636-41BF-9FCB-793D4133B73F}.Debug|Any CPU.ActiveCfg = Debug|Any CPU
		{A565512C-E636-41BF-9FCB-793D4133B73F}.Debug|Any CPU.Build.0 = Debug|Any CPU
		{A565512C-E636-41BF-9FCB-793D4133B73F}.Debug|ARM.ActiveCfg = Debug|Any CPU
		{A565512C-E636-41BF-9FCB-793D4133B73F}.Debug|ARM.Build.0 = Debug|Any CPU
		{A565512C-E636-41BF-9FCB-793D4133B73F}.Debug|ARM64.ActiveCfg = Debug|Any CPU
		{A565512C-E636-41BF-9FCB-793D4133B73F}.Debug|ARM64.Build.0 = Debug|Any CPU
		{A565512C-E636-41BF-9FCB-793D4133B73F}.Debug|x64.ActiveCfg = Debug|Any CPU
		{A565512C-E636-41BF-9FCB-793D4133B73F}.Debug|x64.Build.0 = Debug|Any CPU
		{A565512C-E636-41BF-9FCB-793D4133B73F}.Debug|x86.ActiveCfg = Debug|Any CPU
		{A565512C-E636-41BF-9FCB-793D4133B73F}.Debug|x86.Build.0 = Debug|Any CPU
		{A565512C-E636-41BF-9FCB-793D4133B73F}.Release|Any CPU.ActiveCfg = Release|Any CPU
		{A565512C-E636-41BF-9FCB-793D4133B73F}.Release|Any CPU.Build.0 = Release|Any CPU
		{A565512C-E636-41BF-9FCB-793D4133B73F}.Release|ARM.ActiveCfg = Release|Any CPU
		{A565512C-E636-41BF-9FCB-793D4133B73F}.Release|ARM.Build.0 = Release|Any CPU
		{A565512C-E636-41BF-9FCB-793D4133B73F}.Release|ARM64.ActiveCfg = Release|Any CPU
		{A565512C-E636-41BF-9FCB-793D4133B73F}.Release|ARM64.Build.0 = Release|Any CPU
		{A565512C-E636-41BF-9FCB-793D4133B73F}.Release|x64.ActiveCfg = Release|Any CPU
		{A565512C-E636-41BF-9FCB-793D4133B73F}.Release|x64.Build.0 = Release|Any CPU
		{A565512C-E636-41BF-9FCB-793D4133B73F}.Release|x86.ActiveCfg = Release|Any CPU
		{A565512C-E636-41BF-9FCB-793D4133B73F}.Release|x86.Build.0 = Release|Any CPU
		{CB2A778D-C4F7-47DF-8F1C-55E59B22F2F0}.Debug|Any CPU.ActiveCfg = Debug|Any CPU
		{CB2A778D-C4F7-47DF-8F1C-55E59B22F2F0}.Debug|Any CPU.Build.0 = Debug|Any CPU
		{CB2A778D-C4F7-47DF-8F1C-55E59B22F2F0}.Debug|ARM.ActiveCfg = Debug|Any CPU
		{CB2A778D-C4F7-47DF-8F1C-55E59B22F2F0}.Debug|ARM64.ActiveCfg = Debug|Any CPU
		{CB2A778D-C4F7-47DF-8F1C-55E59B22F2F0}.Debug|x64.ActiveCfg = Debug|Any CPU
		{CB2A778D-C4F7-47DF-8F1C-55E59B22F2F0}.Debug|x86.ActiveCfg = Debug|Any CPU
		{CB2A778D-C4F7-47DF-8F1C-55E59B22F2F0}.Release|Any CPU.ActiveCfg = Release|Any CPU
		{CB2A778D-C4F7-47DF-8F1C-55E59B22F2F0}.Release|Any CPU.Build.0 = Release|Any CPU
		{CB2A778D-C4F7-47DF-8F1C-55E59B22F2F0}.Release|ARM.ActiveCfg = Release|Any CPU
		{CB2A778D-C4F7-47DF-8F1C-55E59B22F2F0}.Release|ARM64.ActiveCfg = Release|Any CPU
		{CB2A778D-C4F7-47DF-8F1C-55E59B22F2F0}.Release|x64.ActiveCfg = Release|Any CPU
		{CB2A778D-C4F7-47DF-8F1C-55E59B22F2F0}.Release|x86.ActiveCfg = Release|Any CPU
		{C16359D0-520A-41F4-91CB-DF3C190434BD}.Debug|Any CPU.ActiveCfg = Debug|Any CPU
		{C16359D0-520A-41F4-91CB-DF3C190434BD}.Debug|Any CPU.Build.0 = Debug|Any CPU
		{C16359D0-520A-41F4-91CB-DF3C190434BD}.Debug|ARM.ActiveCfg = Debug|Any CPU
		{C16359D0-520A-41F4-91CB-DF3C190434BD}.Debug|ARM64.ActiveCfg = Debug|Any CPU
		{C16359D0-520A-41F4-91CB-DF3C190434BD}.Debug|x64.ActiveCfg = Debug|Any CPU
		{C16359D0-520A-41F4-91CB-DF3C190434BD}.Debug|x86.ActiveCfg = Debug|Any CPU
		{C16359D0-520A-41F4-91CB-DF3C190434BD}.Release|Any CPU.ActiveCfg = Release|Any CPU
		{C16359D0-520A-41F4-91CB-DF3C190434BD}.Release|Any CPU.Build.0 = Release|Any CPU
		{C16359D0-520A-41F4-91CB-DF3C190434BD}.Release|ARM.ActiveCfg = Release|Any CPU
		{C16359D0-520A-41F4-91CB-DF3C190434BD}.Release|ARM64.ActiveCfg = Release|Any CPU
		{C16359D0-520A-41F4-91CB-DF3C190434BD}.Release|x64.ActiveCfg = Release|Any CPU
		{C16359D0-520A-41F4-91CB-DF3C190434BD}.Release|x86.ActiveCfg = Release|Any CPU
		{2CE1F5F0-F79B-4CBF-8F54-3D58187C1787}.Debug|Any CPU.ActiveCfg = Debug|Any CPU
		{2CE1F5F0-F79B-4CBF-8F54-3D58187C1787}.Debug|Any CPU.Build.0 = Debug|Any CPU
		{2CE1F5F0-F79B-4CBF-8F54-3D58187C1787}.Debug|ARM.ActiveCfg = Debug|Any CPU
		{2CE1F5F0-F79B-4CBF-8F54-3D58187C1787}.Debug|ARM.Build.0 = Debug|Any CPU
		{2CE1F5F0-F79B-4CBF-8F54-3D58187C1787}.Debug|ARM64.ActiveCfg = Debug|Any CPU
		{2CE1F5F0-F79B-4CBF-8F54-3D58187C1787}.Debug|ARM64.Build.0 = Debug|Any CPU
		{2CE1F5F0-F79B-4CBF-8F54-3D58187C1787}.Debug|x64.ActiveCfg = Debug|Any CPU
		{2CE1F5F0-F79B-4CBF-8F54-3D58187C1787}.Debug|x64.Build.0 = Debug|Any CPU
		{2CE1F5F0-F79B-4CBF-8F54-3D58187C1787}.Debug|x86.ActiveCfg = Debug|Any CPU
		{2CE1F5F0-F79B-4CBF-8F54-3D58187C1787}.Debug|x86.Build.0 = Debug|Any CPU
		{2CE1F5F0-F79B-4CBF-8F54-3D58187C1787}.Release|Any CPU.ActiveCfg = Release|Any CPU
		{2CE1F5F0-F79B-4CBF-8F54-3D58187C1787}.Release|Any CPU.Build.0 = Release|Any CPU
		{2CE1F5F0-F79B-4CBF-8F54-3D58187C1787}.Release|ARM.ActiveCfg = Release|Any CPU
		{2CE1F5F0-F79B-4CBF-8F54-3D58187C1787}.Release|ARM.Build.0 = Release|Any CPU
		{2CE1F5F0-F79B-4CBF-8F54-3D58187C1787}.Release|ARM64.ActiveCfg = Release|Any CPU
		{2CE1F5F0-F79B-4CBF-8F54-3D58187C1787}.Release|ARM64.Build.0 = Release|Any CPU
		{2CE1F5F0-F79B-4CBF-8F54-3D58187C1787}.Release|x64.ActiveCfg = Release|Any CPU
		{2CE1F5F0-F79B-4CBF-8F54-3D58187C1787}.Release|x64.Build.0 = Release|Any CPU
		{2CE1F5F0-F79B-4CBF-8F54-3D58187C1787}.Release|x86.ActiveCfg = Release|Any CPU
		{2CE1F5F0-F79B-4CBF-8F54-3D58187C1787}.Release|x86.Build.0 = Release|Any CPU
		{6FF8B5E4-B68D-4CD1-BCC4-6BDDC5A6B99D}.Debug|Any CPU.ActiveCfg = Debug|Any CPU
		{6FF8B5E4-B68D-4CD1-BCC4-6BDDC5A6B99D}.Debug|Any CPU.Build.0 = Debug|Any CPU
		{6FF8B5E4-B68D-4CD1-BCC4-6BDDC5A6B99D}.Debug|ARM.ActiveCfg = Debug|Any CPU
		{6FF8B5E4-B68D-4CD1-BCC4-6BDDC5A6B99D}.Debug|ARM64.ActiveCfg = Debug|Any CPU
		{6FF8B5E4-B68D-4CD1-BCC4-6BDDC5A6B99D}.Debug|x64.ActiveCfg = Debug|Any CPU
		{6FF8B5E4-B68D-4CD1-BCC4-6BDDC5A6B99D}.Debug|x86.ActiveCfg = Debug|Any CPU
		{6FF8B5E4-B68D-4CD1-BCC4-6BDDC5A6B99D}.Release|Any CPU.ActiveCfg = Release|Any CPU
		{6FF8B5E4-B68D-4CD1-BCC4-6BDDC5A6B99D}.Release|Any CPU.Build.0 = Release|Any CPU
		{6FF8B5E4-B68D-4CD1-BCC4-6BDDC5A6B99D}.Release|ARM.ActiveCfg = Release|Any CPU
		{6FF8B5E4-B68D-4CD1-BCC4-6BDDC5A6B99D}.Release|ARM64.ActiveCfg = Release|Any CPU
		{6FF8B5E4-B68D-4CD1-BCC4-6BDDC5A6B99D}.Release|x64.ActiveCfg = Release|Any CPU
		{6FF8B5E4-B68D-4CD1-BCC4-6BDDC5A6B99D}.Release|x86.ActiveCfg = Release|Any CPU
		{7B35F5C5-1CCD-43C5-B3A1-F885625D80DC}.Debug|Any CPU.ActiveCfg = Debug|Any CPU
		{7B35F5C5-1CCD-43C5-B3A1-F885625D80DC}.Debug|Any CPU.Build.0 = Debug|Any CPU
		{7B35F5C5-1CCD-43C5-B3A1-F885625D80DC}.Debug|ARM.ActiveCfg = Debug|Any CPU
		{7B35F5C5-1CCD-43C5-B3A1-F885625D80DC}.Debug|ARM.Build.0 = Debug|Any CPU
		{7B35F5C5-1CCD-43C5-B3A1-F885625D80DC}.Debug|ARM64.ActiveCfg = Debug|Any CPU
		{7B35F5C5-1CCD-43C5-B3A1-F885625D80DC}.Debug|ARM64.Build.0 = Debug|Any CPU
		{7B35F5C5-1CCD-43C5-B3A1-F885625D80DC}.Debug|x64.ActiveCfg = Debug|Any CPU
		{7B35F5C5-1CCD-43C5-B3A1-F885625D80DC}.Debug|x64.Build.0 = Debug|Any CPU
		{7B35F5C5-1CCD-43C5-B3A1-F885625D80DC}.Debug|x86.ActiveCfg = Debug|Any CPU
		{7B35F5C5-1CCD-43C5-B3A1-F885625D80DC}.Debug|x86.Build.0 = Debug|Any CPU
		{7B35F5C5-1CCD-43C5-B3A1-F885625D80DC}.Release|Any CPU.ActiveCfg = Release|Any CPU
		{7B35F5C5-1CCD-43C5-B3A1-F885625D80DC}.Release|Any CPU.Build.0 = Release|Any CPU
		{7B35F5C5-1CCD-43C5-B3A1-F885625D80DC}.Release|ARM.ActiveCfg = Release|Any CPU
		{7B35F5C5-1CCD-43C5-B3A1-F885625D80DC}.Release|ARM.Build.0 = Release|Any CPU
		{7B35F5C5-1CCD-43C5-B3A1-F885625D80DC}.Release|ARM64.ActiveCfg = Release|Any CPU
		{7B35F5C5-1CCD-43C5-B3A1-F885625D80DC}.Release|ARM64.Build.0 = Release|Any CPU
		{7B35F5C5-1CCD-43C5-B3A1-F885625D80DC}.Release|x64.ActiveCfg = Release|Any CPU
		{7B35F5C5-1CCD-43C5-B3A1-F885625D80DC}.Release|x64.Build.0 = Release|Any CPU
		{7B35F5C5-1CCD-43C5-B3A1-F885625D80DC}.Release|x86.ActiveCfg = Release|Any CPU
		{7B35F5C5-1CCD-43C5-B3A1-F885625D80DC}.Release|x86.Build.0 = Release|Any CPU
		{DE9B959E-C5E1-4D74-8EEF-2C831EF9B464}.Debug|Any CPU.ActiveCfg = Debug|Any CPU
		{DE9B959E-C5E1-4D74-8EEF-2C831EF9B464}.Debug|Any CPU.Build.0 = Debug|Any CPU
		{DE9B959E-C5E1-4D74-8EEF-2C831EF9B464}.Debug|ARM.ActiveCfg = Debug|Any CPU
		{DE9B959E-C5E1-4D74-8EEF-2C831EF9B464}.Debug|ARM.Build.0 = Debug|Any CPU
		{DE9B959E-C5E1-4D74-8EEF-2C831EF9B464}.Debug|ARM64.ActiveCfg = Debug|Any CPU
		{DE9B959E-C5E1-4D74-8EEF-2C831EF9B464}.Debug|ARM64.Build.0 = Debug|Any CPU
		{DE9B959E-C5E1-4D74-8EEF-2C831EF9B464}.Debug|x64.ActiveCfg = Debug|Any CPU
		{DE9B959E-C5E1-4D74-8EEF-2C831EF9B464}.Debug|x64.Build.0 = Debug|Any CPU
		{DE9B959E-C5E1-4D74-8EEF-2C831EF9B464}.Debug|x86.ActiveCfg = Debug|Any CPU
		{DE9B959E-C5E1-4D74-8EEF-2C831EF9B464}.Debug|x86.Build.0 = Debug|Any CPU
		{DE9B959E-C5E1-4D74-8EEF-2C831EF9B464}.Release|Any CPU.ActiveCfg = Release|Any CPU
		{DE9B959E-C5E1-4D74-8EEF-2C831EF9B464}.Release|Any CPU.Build.0 = Release|Any CPU
		{DE9B959E-C5E1-4D74-8EEF-2C831EF9B464}.Release|ARM.ActiveCfg = Release|Any CPU
		{DE9B959E-C5E1-4D74-8EEF-2C831EF9B464}.Release|ARM.Build.0 = Release|Any CPU
		{DE9B959E-C5E1-4D74-8EEF-2C831EF9B464}.Release|ARM64.ActiveCfg = Release|Any CPU
		{DE9B959E-C5E1-4D74-8EEF-2C831EF9B464}.Release|ARM64.Build.0 = Release|Any CPU
		{DE9B959E-C5E1-4D74-8EEF-2C831EF9B464}.Release|x64.ActiveCfg = Release|Any CPU
		{DE9B959E-C5E1-4D74-8EEF-2C831EF9B464}.Release|x64.Build.0 = Release|Any CPU
		{DE9B959E-C5E1-4D74-8EEF-2C831EF9B464}.Release|x86.ActiveCfg = Release|Any CPU
		{DE9B959E-C5E1-4D74-8EEF-2C831EF9B464}.Release|x86.Build.0 = Release|Any CPU
		{2CA08DCF-0135-4607-B940-AF65BD4A3473}.Debug|Any CPU.ActiveCfg = Debug|Any CPU
		{2CA08DCF-0135-4607-B940-AF65BD4A3473}.Debug|Any CPU.Build.0 = Debug|Any CPU
		{2CA08DCF-0135-4607-B940-AF65BD4A3473}.Debug|ARM.ActiveCfg = Debug|Any CPU
		{2CA08DCF-0135-4607-B940-AF65BD4A3473}.Debug|ARM.Build.0 = Debug|Any CPU
		{2CA08DCF-0135-4607-B940-AF65BD4A3473}.Debug|ARM64.ActiveCfg = Debug|Any CPU
		{2CA08DCF-0135-4607-B940-AF65BD4A3473}.Debug|ARM64.Build.0 = Debug|Any CPU
		{2CA08DCF-0135-4607-B940-AF65BD4A3473}.Debug|x64.ActiveCfg = Debug|Any CPU
		{2CA08DCF-0135-4607-B940-AF65BD4A3473}.Debug|x64.Build.0 = Debug|Any CPU
		{2CA08DCF-0135-4607-B940-AF65BD4A3473}.Debug|x86.ActiveCfg = Debug|Any CPU
		{2CA08DCF-0135-4607-B940-AF65BD4A3473}.Debug|x86.Build.0 = Debug|Any CPU
		{2CA08DCF-0135-4607-B940-AF65BD4A3473}.Release|Any CPU.ActiveCfg = Release|Any CPU
		{2CA08DCF-0135-4607-B940-AF65BD4A3473}.Release|Any CPU.Build.0 = Release|Any CPU
		{2CA08DCF-0135-4607-B940-AF65BD4A3473}.Release|ARM.ActiveCfg = Release|Any CPU
		{2CA08DCF-0135-4607-B940-AF65BD4A3473}.Release|ARM.Build.0 = Release|Any CPU
		{2CA08DCF-0135-4607-B940-AF65BD4A3473}.Release|ARM64.ActiveCfg = Release|Any CPU
		{2CA08DCF-0135-4607-B940-AF65BD4A3473}.Release|ARM64.Build.0 = Release|Any CPU
		{2CA08DCF-0135-4607-B940-AF65BD4A3473}.Release|x64.ActiveCfg = Release|Any CPU
		{2CA08DCF-0135-4607-B940-AF65BD4A3473}.Release|x64.Build.0 = Release|Any CPU
		{2CA08DCF-0135-4607-B940-AF65BD4A3473}.Release|x86.ActiveCfg = Release|Any CPU
		{2CA08DCF-0135-4607-B940-AF65BD4A3473}.Release|x86.Build.0 = Release|Any CPU
		{9D80A974-3E3C-44BF-AA94-EB361C491278}.Debug|Any CPU.ActiveCfg = Debug|Any CPU
		{9D80A974-3E3C-44BF-AA94-EB361C491278}.Debug|Any CPU.Build.0 = Debug|Any CPU
		{9D80A974-3E3C-44BF-AA94-EB361C491278}.Debug|ARM.ActiveCfg = Debug|Any CPU
		{9D80A974-3E3C-44BF-AA94-EB361C491278}.Debug|ARM.Build.0 = Debug|Any CPU
		{9D80A974-3E3C-44BF-AA94-EB361C491278}.Debug|ARM64.ActiveCfg = Debug|Any CPU
		{9D80A974-3E3C-44BF-AA94-EB361C491278}.Debug|ARM64.Build.0 = Debug|Any CPU
		{9D80A974-3E3C-44BF-AA94-EB361C491278}.Debug|x64.ActiveCfg = Debug|Any CPU
		{9D80A974-3E3C-44BF-AA94-EB361C491278}.Debug|x64.Build.0 = Debug|Any CPU
		{9D80A974-3E3C-44BF-AA94-EB361C491278}.Debug|x86.ActiveCfg = Debug|Any CPU
		{9D80A974-3E3C-44BF-AA94-EB361C491278}.Debug|x86.Build.0 = Debug|Any CPU
		{9D80A974-3E3C-44BF-AA94-EB361C491278}.Release|Any CPU.ActiveCfg = Release|Any CPU
		{9D80A974-3E3C-44BF-AA94-EB361C491278}.Release|Any CPU.Build.0 = Release|Any CPU
		{9D80A974-3E3C-44BF-AA94-EB361C491278}.Release|ARM.ActiveCfg = Release|Any CPU
		{9D80A974-3E3C-44BF-AA94-EB361C491278}.Release|ARM.Build.0 = Release|Any CPU
		{9D80A974-3E3C-44BF-AA94-EB361C491278}.Release|ARM64.ActiveCfg = Release|Any CPU
		{9D80A974-3E3C-44BF-AA94-EB361C491278}.Release|ARM64.Build.0 = Release|Any CPU
		{9D80A974-3E3C-44BF-AA94-EB361C491278}.Release|x64.ActiveCfg = Release|Any CPU
		{9D80A974-3E3C-44BF-AA94-EB361C491278}.Release|x64.Build.0 = Release|Any CPU
		{9D80A974-3E3C-44BF-AA94-EB361C491278}.Release|x86.ActiveCfg = Release|Any CPU
		{9D80A974-3E3C-44BF-AA94-EB361C491278}.Release|x86.Build.0 = Release|Any CPU
		{9CEBE5EF-3845-4DBF-8058-AD9E0401B016}.Debug|Any CPU.ActiveCfg = Debug|Any CPU
		{9CEBE5EF-3845-4DBF-8058-AD9E0401B016}.Debug|Any CPU.Build.0 = Debug|Any CPU
		{9CEBE5EF-3845-4DBF-8058-AD9E0401B016}.Debug|ARM.ActiveCfg = Debug|Any CPU
		{9CEBE5EF-3845-4DBF-8058-AD9E0401B016}.Debug|ARM.Build.0 = Debug|Any CPU
		{9CEBE5EF-3845-4DBF-8058-AD9E0401B016}.Debug|ARM64.ActiveCfg = Debug|Any CPU
		{9CEBE5EF-3845-4DBF-8058-AD9E0401B016}.Debug|ARM64.Build.0 = Debug|Any CPU
		{9CEBE5EF-3845-4DBF-8058-AD9E0401B016}.Debug|x64.ActiveCfg = Debug|Any CPU
		{9CEBE5EF-3845-4DBF-8058-AD9E0401B016}.Debug|x64.Build.0 = Debug|Any CPU
		{9CEBE5EF-3845-4DBF-8058-AD9E0401B016}.Debug|x86.ActiveCfg = Debug|Any CPU
		{9CEBE5EF-3845-4DBF-8058-AD9E0401B016}.Debug|x86.Build.0 = Debug|Any CPU
		{9CEBE5EF-3845-4DBF-8058-AD9E0401B016}.Release|Any CPU.ActiveCfg = Release|Any CPU
		{9CEBE5EF-3845-4DBF-8058-AD9E0401B016}.Release|Any CPU.Build.0 = Release|Any CPU
		{9CEBE5EF-3845-4DBF-8058-AD9E0401B016}.Release|ARM.ActiveCfg = Release|Any CPU
		{9CEBE5EF-3845-4DBF-8058-AD9E0401B016}.Release|ARM.Build.0 = Release|Any CPU
		{9CEBE5EF-3845-4DBF-8058-AD9E0401B016}.Release|ARM64.ActiveCfg = Release|Any CPU
		{9CEBE5EF-3845-4DBF-8058-AD9E0401B016}.Release|ARM64.Build.0 = Release|Any CPU
		{9CEBE5EF-3845-4DBF-8058-AD9E0401B016}.Release|x64.ActiveCfg = Release|Any CPU
		{9CEBE5EF-3845-4DBF-8058-AD9E0401B016}.Release|x64.Build.0 = Release|Any CPU
		{9CEBE5EF-3845-4DBF-8058-AD9E0401B016}.Release|x86.ActiveCfg = Release|Any CPU
		{9CEBE5EF-3845-4DBF-8058-AD9E0401B016}.Release|x86.Build.0 = Release|Any CPU
		{397120FD-4B52-4D60-9E67-448E8EFE4FAC}.Debug|Any CPU.ActiveCfg = Debug|Any CPU
		{397120FD-4B52-4D60-9E67-448E8EFE4FAC}.Debug|Any CPU.Build.0 = Debug|Any CPU
		{397120FD-4B52-4D60-9E67-448E8EFE4FAC}.Debug|ARM.ActiveCfg = Debug|Any CPU
		{397120FD-4B52-4D60-9E67-448E8EFE4FAC}.Debug|ARM.Build.0 = Debug|Any CPU
		{397120FD-4B52-4D60-9E67-448E8EFE4FAC}.Debug|ARM64.ActiveCfg = Debug|Any CPU
		{397120FD-4B52-4D60-9E67-448E8EFE4FAC}.Debug|ARM64.Build.0 = Debug|Any CPU
		{397120FD-4B52-4D60-9E67-448E8EFE4FAC}.Debug|x64.ActiveCfg = Debug|Any CPU
		{397120FD-4B52-4D60-9E67-448E8EFE4FAC}.Debug|x64.Build.0 = Debug|Any CPU
		{397120FD-4B52-4D60-9E67-448E8EFE4FAC}.Debug|x86.ActiveCfg = Debug|Any CPU
		{397120FD-4B52-4D60-9E67-448E8EFE4FAC}.Debug|x86.Build.0 = Debug|Any CPU
		{397120FD-4B52-4D60-9E67-448E8EFE4FAC}.Release|Any CPU.ActiveCfg = Release|Any CPU
		{397120FD-4B52-4D60-9E67-448E8EFE4FAC}.Release|Any CPU.Build.0 = Release|Any CPU
		{397120FD-4B52-4D60-9E67-448E8EFE4FAC}.Release|ARM.ActiveCfg = Release|Any CPU
		{397120FD-4B52-4D60-9E67-448E8EFE4FAC}.Release|ARM.Build.0 = Release|Any CPU
		{397120FD-4B52-4D60-9E67-448E8EFE4FAC}.Release|ARM64.ActiveCfg = Release|Any CPU
		{397120FD-4B52-4D60-9E67-448E8EFE4FAC}.Release|ARM64.Build.0 = Release|Any CPU
		{397120FD-4B52-4D60-9E67-448E8EFE4FAC}.Release|x64.ActiveCfg = Release|Any CPU
		{397120FD-4B52-4D60-9E67-448E8EFE4FAC}.Release|x64.Build.0 = Release|Any CPU
		{397120FD-4B52-4D60-9E67-448E8EFE4FAC}.Release|x86.ActiveCfg = Release|Any CPU
		{397120FD-4B52-4D60-9E67-448E8EFE4FAC}.Release|x86.Build.0 = Release|Any CPU
		{FD3581D0-72D2-4403-8250-3B1D00BD8465}.Debug|Any CPU.ActiveCfg = Debug|Any CPU
		{FD3581D0-72D2-4403-8250-3B1D00BD8465}.Debug|Any CPU.Build.0 = Debug|Any CPU
		{FD3581D0-72D2-4403-8250-3B1D00BD8465}.Debug|ARM.ActiveCfg = Debug|Any CPU
		{FD3581D0-72D2-4403-8250-3B1D00BD8465}.Debug|ARM.Build.0 = Debug|Any CPU
		{FD3581D0-72D2-4403-8250-3B1D00BD8465}.Debug|ARM64.ActiveCfg = Debug|Any CPU
		{FD3581D0-72D2-4403-8250-3B1D00BD8465}.Debug|ARM64.Build.0 = Debug|Any CPU
		{FD3581D0-72D2-4403-8250-3B1D00BD8465}.Debug|x64.ActiveCfg = Debug|Any CPU
		{FD3581D0-72D2-4403-8250-3B1D00BD8465}.Debug|x64.Build.0 = Debug|Any CPU
		{FD3581D0-72D2-4403-8250-3B1D00BD8465}.Debug|x86.ActiveCfg = Debug|Any CPU
		{FD3581D0-72D2-4403-8250-3B1D00BD8465}.Debug|x86.Build.0 = Debug|Any CPU
		{FD3581D0-72D2-4403-8250-3B1D00BD8465}.Release|Any CPU.ActiveCfg = Release|Any CPU
		{FD3581D0-72D2-4403-8250-3B1D00BD8465}.Release|Any CPU.Build.0 = Release|Any CPU
		{FD3581D0-72D2-4403-8250-3B1D00BD8465}.Release|ARM.ActiveCfg = Release|Any CPU
		{FD3581D0-72D2-4403-8250-3B1D00BD8465}.Release|ARM.Build.0 = Release|Any CPU
		{FD3581D0-72D2-4403-8250-3B1D00BD8465}.Release|ARM64.ActiveCfg = Release|Any CPU
		{FD3581D0-72D2-4403-8250-3B1D00BD8465}.Release|ARM64.Build.0 = Release|Any CPU
		{FD3581D0-72D2-4403-8250-3B1D00BD8465}.Release|x64.ActiveCfg = Release|Any CPU
		{FD3581D0-72D2-4403-8250-3B1D00BD8465}.Release|x64.Build.0 = Release|Any CPU
		{FD3581D0-72D2-4403-8250-3B1D00BD8465}.Release|x86.ActiveCfg = Release|Any CPU
		{FD3581D0-72D2-4403-8250-3B1D00BD8465}.Release|x86.Build.0 = Release|Any CPU
		{3FE0D8D2-AF2E-4510-B81E-230D325147F6}.Debug|Any CPU.ActiveCfg = Debug|Any CPU
		{3FE0D8D2-AF2E-4510-B81E-230D325147F6}.Debug|Any CPU.Build.0 = Debug|Any CPU
		{3FE0D8D2-AF2E-4510-B81E-230D325147F6}.Debug|ARM.ActiveCfg = Debug|Any CPU
		{3FE0D8D2-AF2E-4510-B81E-230D325147F6}.Debug|ARM.Build.0 = Debug|Any CPU
		{3FE0D8D2-AF2E-4510-B81E-230D325147F6}.Debug|ARM64.ActiveCfg = Debug|Any CPU
		{3FE0D8D2-AF2E-4510-B81E-230D325147F6}.Debug|ARM64.Build.0 = Debug|Any CPU
		{3FE0D8D2-AF2E-4510-B81E-230D325147F6}.Debug|x64.ActiveCfg = Debug|Any CPU
		{3FE0D8D2-AF2E-4510-B81E-230D325147F6}.Debug|x64.Build.0 = Debug|Any CPU
		{3FE0D8D2-AF2E-4510-B81E-230D325147F6}.Debug|x86.ActiveCfg = Debug|Any CPU
		{3FE0D8D2-AF2E-4510-B81E-230D325147F6}.Debug|x86.Build.0 = Debug|Any CPU
		{3FE0D8D2-AF2E-4510-B81E-230D325147F6}.Release|Any CPU.ActiveCfg = Release|Any CPU
		{3FE0D8D2-AF2E-4510-B81E-230D325147F6}.Release|Any CPU.Build.0 = Release|Any CPU
		{3FE0D8D2-AF2E-4510-B81E-230D325147F6}.Release|ARM.ActiveCfg = Release|Any CPU
		{3FE0D8D2-AF2E-4510-B81E-230D325147F6}.Release|ARM.Build.0 = Release|Any CPU
		{3FE0D8D2-AF2E-4510-B81E-230D325147F6}.Release|ARM64.ActiveCfg = Release|Any CPU
		{3FE0D8D2-AF2E-4510-B81E-230D325147F6}.Release|ARM64.Build.0 = Release|Any CPU
		{3FE0D8D2-AF2E-4510-B81E-230D325147F6}.Release|x64.ActiveCfg = Release|Any CPU
		{3FE0D8D2-AF2E-4510-B81E-230D325147F6}.Release|x64.Build.0 = Release|Any CPU
		{3FE0D8D2-AF2E-4510-B81E-230D325147F6}.Release|x86.ActiveCfg = Release|Any CPU
		{3FE0D8D2-AF2E-4510-B81E-230D325147F6}.Release|x86.Build.0 = Release|Any CPU
		{4C6B0688-F528-41FA-A137-AF5AD15AEFEE}.Debug|Any CPU.ActiveCfg = Debug|Any CPU
		{4C6B0688-F528-41FA-A137-AF5AD15AEFEE}.Debug|Any CPU.Build.0 = Debug|Any CPU
		{4C6B0688-F528-41FA-A137-AF5AD15AEFEE}.Debug|ARM.ActiveCfg = Debug|Any CPU
		{4C6B0688-F528-41FA-A137-AF5AD15AEFEE}.Debug|ARM.Build.0 = Debug|Any CPU
		{4C6B0688-F528-41FA-A137-AF5AD15AEFEE}.Debug|ARM64.ActiveCfg = Debug|Any CPU
		{4C6B0688-F528-41FA-A137-AF5AD15AEFEE}.Debug|ARM64.Build.0 = Debug|Any CPU
		{4C6B0688-F528-41FA-A137-AF5AD15AEFEE}.Debug|x64.ActiveCfg = Debug|Any CPU
		{4C6B0688-F528-41FA-A137-AF5AD15AEFEE}.Debug|x64.Build.0 = Debug|Any CPU
		{4C6B0688-F528-41FA-A137-AF5AD15AEFEE}.Debug|x86.ActiveCfg = Debug|Any CPU
		{4C6B0688-F528-41FA-A137-AF5AD15AEFEE}.Debug|x86.Build.0 = Debug|Any CPU
		{4C6B0688-F528-41FA-A137-AF5AD15AEFEE}.Release|Any CPU.ActiveCfg = Release|Any CPU
		{4C6B0688-F528-41FA-A137-AF5AD15AEFEE}.Release|Any CPU.Build.0 = Release|Any CPU
		{4C6B0688-F528-41FA-A137-AF5AD15AEFEE}.Release|ARM.ActiveCfg = Release|Any CPU
		{4C6B0688-F528-41FA-A137-AF5AD15AEFEE}.Release|ARM.Build.0 = Release|Any CPU
		{4C6B0688-F528-41FA-A137-AF5AD15AEFEE}.Release|ARM64.ActiveCfg = Release|Any CPU
		{4C6B0688-F528-41FA-A137-AF5AD15AEFEE}.Release|ARM64.Build.0 = Release|Any CPU
		{4C6B0688-F528-41FA-A137-AF5AD15AEFEE}.Release|x64.ActiveCfg = Release|Any CPU
		{4C6B0688-F528-41FA-A137-AF5AD15AEFEE}.Release|x64.Build.0 = Release|Any CPU
		{4C6B0688-F528-41FA-A137-AF5AD15AEFEE}.Release|x86.ActiveCfg = Release|Any CPU
		{4C6B0688-F528-41FA-A137-AF5AD15AEFEE}.Release|x86.Build.0 = Release|Any CPU
		{FABEA7BA-B007-47C0-BC51-97A8A31E1E4E}.Debug|Any CPU.ActiveCfg = Debug|Any CPU
		{FABEA7BA-B007-47C0-BC51-97A8A31E1E4E}.Debug|Any CPU.Build.0 = Debug|Any CPU
		{FABEA7BA-B007-47C0-BC51-97A8A31E1E4E}.Debug|ARM.ActiveCfg = Debug|Any CPU
		{FABEA7BA-B007-47C0-BC51-97A8A31E1E4E}.Debug|ARM.Build.0 = Debug|Any CPU
		{FABEA7BA-B007-47C0-BC51-97A8A31E1E4E}.Debug|ARM64.ActiveCfg = Debug|Any CPU
		{FABEA7BA-B007-47C0-BC51-97A8A31E1E4E}.Debug|ARM64.Build.0 = Debug|Any CPU
		{FABEA7BA-B007-47C0-BC51-97A8A31E1E4E}.Debug|x64.ActiveCfg = Debug|Any CPU
		{FABEA7BA-B007-47C0-BC51-97A8A31E1E4E}.Debug|x64.Build.0 = Debug|Any CPU
		{FABEA7BA-B007-47C0-BC51-97A8A31E1E4E}.Debug|x86.ActiveCfg = Debug|Any CPU
		{FABEA7BA-B007-47C0-BC51-97A8A31E1E4E}.Debug|x86.Build.0 = Debug|Any CPU
		{FABEA7BA-B007-47C0-BC51-97A8A31E1E4E}.Release|Any CPU.ActiveCfg = Release|Any CPU
		{FABEA7BA-B007-47C0-BC51-97A8A31E1E4E}.Release|Any CPU.Build.0 = Release|Any CPU
		{FABEA7BA-B007-47C0-BC51-97A8A31E1E4E}.Release|ARM.ActiveCfg = Release|Any CPU
		{FABEA7BA-B007-47C0-BC51-97A8A31E1E4E}.Release|ARM.Build.0 = Release|Any CPU
		{FABEA7BA-B007-47C0-BC51-97A8A31E1E4E}.Release|ARM64.ActiveCfg = Release|Any CPU
		{FABEA7BA-B007-47C0-BC51-97A8A31E1E4E}.Release|ARM64.Build.0 = Release|Any CPU
		{FABEA7BA-B007-47C0-BC51-97A8A31E1E4E}.Release|x64.ActiveCfg = Release|Any CPU
		{FABEA7BA-B007-47C0-BC51-97A8A31E1E4E}.Release|x64.Build.0 = Release|Any CPU
		{FABEA7BA-B007-47C0-BC51-97A8A31E1E4E}.Release|x86.ActiveCfg = Release|Any CPU
		{FABEA7BA-B007-47C0-BC51-97A8A31E1E4E}.Release|x86.Build.0 = Release|Any CPU
		{103218ED-4AA1-413F-99B2-F7C9554C5EE4}.Debug|Any CPU.ActiveCfg = Debug|Any CPU
		{103218ED-4AA1-413F-99B2-F7C9554C5EE4}.Debug|Any CPU.Build.0 = Debug|Any CPU
		{103218ED-4AA1-413F-99B2-F7C9554C5EE4}.Debug|ARM.ActiveCfg = Debug|Any CPU
		{103218ED-4AA1-413F-99B2-F7C9554C5EE4}.Debug|ARM.Build.0 = Debug|Any CPU
		{103218ED-4AA1-413F-99B2-F7C9554C5EE4}.Debug|ARM64.ActiveCfg = Debug|Any CPU
		{103218ED-4AA1-413F-99B2-F7C9554C5EE4}.Debug|ARM64.Build.0 = Debug|Any CPU
		{103218ED-4AA1-413F-99B2-F7C9554C5EE4}.Debug|x64.ActiveCfg = Debug|Any CPU
		{103218ED-4AA1-413F-99B2-F7C9554C5EE4}.Debug|x64.Build.0 = Debug|Any CPU
		{103218ED-4AA1-413F-99B2-F7C9554C5EE4}.Debug|x86.ActiveCfg = Debug|Any CPU
		{103218ED-4AA1-413F-99B2-F7C9554C5EE4}.Debug|x86.Build.0 = Debug|Any CPU
		{103218ED-4AA1-413F-99B2-F7C9554C5EE4}.Release|Any CPU.ActiveCfg = Release|Any CPU
		{103218ED-4AA1-413F-99B2-F7C9554C5EE4}.Release|Any CPU.Build.0 = Release|Any CPU
		{103218ED-4AA1-413F-99B2-F7C9554C5EE4}.Release|ARM.ActiveCfg = Release|Any CPU
		{103218ED-4AA1-413F-99B2-F7C9554C5EE4}.Release|ARM.Build.0 = Release|Any CPU
		{103218ED-4AA1-413F-99B2-F7C9554C5EE4}.Release|ARM64.ActiveCfg = Release|Any CPU
		{103218ED-4AA1-413F-99B2-F7C9554C5EE4}.Release|ARM64.Build.0 = Release|Any CPU
		{103218ED-4AA1-413F-99B2-F7C9554C5EE4}.Release|x64.ActiveCfg = Release|Any CPU
		{103218ED-4AA1-413F-99B2-F7C9554C5EE4}.Release|x64.Build.0 = Release|Any CPU
		{103218ED-4AA1-413F-99B2-F7C9554C5EE4}.Release|x86.ActiveCfg = Release|Any CPU
		{103218ED-4AA1-413F-99B2-F7C9554C5EE4}.Release|x86.Build.0 = Release|Any CPU
		{4345733E-F46D-4315-9ED6-E5695078FB39}.Debug|Any CPU.ActiveCfg = Debug|Any CPU
		{4345733E-F46D-4315-9ED6-E5695078FB39}.Debug|Any CPU.Build.0 = Debug|Any CPU
		{4345733E-F46D-4315-9ED6-E5695078FB39}.Debug|ARM.ActiveCfg = Debug|Any CPU
		{4345733E-F46D-4315-9ED6-E5695078FB39}.Debug|ARM.Build.0 = Debug|Any CPU
		{4345733E-F46D-4315-9ED6-E5695078FB39}.Debug|ARM64.ActiveCfg = Debug|Any CPU
		{4345733E-F46D-4315-9ED6-E5695078FB39}.Debug|ARM64.Build.0 = Debug|Any CPU
		{4345733E-F46D-4315-9ED6-E5695078FB39}.Debug|x64.ActiveCfg = Debug|Any CPU
		{4345733E-F46D-4315-9ED6-E5695078FB39}.Debug|x64.Build.0 = Debug|Any CPU
		{4345733E-F46D-4315-9ED6-E5695078FB39}.Debug|x86.ActiveCfg = Debug|Any CPU
		{4345733E-F46D-4315-9ED6-E5695078FB39}.Debug|x86.Build.0 = Debug|Any CPU
		{4345733E-F46D-4315-9ED6-E5695078FB39}.Release|Any CPU.ActiveCfg = Release|Any CPU
		{4345733E-F46D-4315-9ED6-E5695078FB39}.Release|Any CPU.Build.0 = Release|Any CPU
		{4345733E-F46D-4315-9ED6-E5695078FB39}.Release|ARM.ActiveCfg = Release|Any CPU
		{4345733E-F46D-4315-9ED6-E5695078FB39}.Release|ARM.Build.0 = Release|Any CPU
		{4345733E-F46D-4315-9ED6-E5695078FB39}.Release|ARM64.ActiveCfg = Release|Any CPU
		{4345733E-F46D-4315-9ED6-E5695078FB39}.Release|ARM64.Build.0 = Release|Any CPU
		{4345733E-F46D-4315-9ED6-E5695078FB39}.Release|x64.ActiveCfg = Release|Any CPU
		{4345733E-F46D-4315-9ED6-E5695078FB39}.Release|x64.Build.0 = Release|Any CPU
		{4345733E-F46D-4315-9ED6-E5695078FB39}.Release|x86.ActiveCfg = Release|Any CPU
		{4345733E-F46D-4315-9ED6-E5695078FB39}.Release|x86.Build.0 = Release|Any CPU
		{376C8728-5301-4A29-B245-126DBCBE6086}.Debug|Any CPU.ActiveCfg = Debug|Any CPU
		{376C8728-5301-4A29-B245-126DBCBE6086}.Debug|Any CPU.Build.0 = Debug|Any CPU
		{376C8728-5301-4A29-B245-126DBCBE6086}.Debug|ARM.ActiveCfg = Debug|Any CPU
		{376C8728-5301-4A29-B245-126DBCBE6086}.Debug|ARM.Build.0 = Debug|Any CPU
		{376C8728-5301-4A29-B245-126DBCBE6086}.Debug|ARM64.ActiveCfg = Debug|Any CPU
		{376C8728-5301-4A29-B245-126DBCBE6086}.Debug|ARM64.Build.0 = Debug|Any CPU
		{376C8728-5301-4A29-B245-126DBCBE6086}.Debug|x64.ActiveCfg = Debug|Any CPU
		{376C8728-5301-4A29-B245-126DBCBE6086}.Debug|x64.Build.0 = Debug|Any CPU
		{376C8728-5301-4A29-B245-126DBCBE6086}.Debug|x86.ActiveCfg = Debug|Any CPU
		{376C8728-5301-4A29-B245-126DBCBE6086}.Debug|x86.Build.0 = Debug|Any CPU
		{376C8728-5301-4A29-B245-126DBCBE6086}.Release|Any CPU.ActiveCfg = Release|Any CPU
		{376C8728-5301-4A29-B245-126DBCBE6086}.Release|Any CPU.Build.0 = Release|Any CPU
		{376C8728-5301-4A29-B245-126DBCBE6086}.Release|ARM.ActiveCfg = Release|Any CPU
		{376C8728-5301-4A29-B245-126DBCBE6086}.Release|ARM.Build.0 = Release|Any CPU
		{376C8728-5301-4A29-B245-126DBCBE6086}.Release|ARM64.ActiveCfg = Release|Any CPU
		{376C8728-5301-4A29-B245-126DBCBE6086}.Release|ARM64.Build.0 = Release|Any CPU
		{376C8728-5301-4A29-B245-126DBCBE6086}.Release|x64.ActiveCfg = Release|Any CPU
		{376C8728-5301-4A29-B245-126DBCBE6086}.Release|x64.Build.0 = Release|Any CPU
		{376C8728-5301-4A29-B245-126DBCBE6086}.Release|x86.ActiveCfg = Release|Any CPU
		{376C8728-5301-4A29-B245-126DBCBE6086}.Release|x86.Build.0 = Release|Any CPU
		{B37E2ED9-9F7B-414D-8380-492EC55683CF}.Debug|Any CPU.ActiveCfg = Debug|Any CPU
		{B37E2ED9-9F7B-414D-8380-492EC55683CF}.Debug|Any CPU.Build.0 = Debug|Any CPU
		{B37E2ED9-9F7B-414D-8380-492EC55683CF}.Debug|ARM.ActiveCfg = Debug|Any CPU
		{B37E2ED9-9F7B-414D-8380-492EC55683CF}.Debug|ARM.Build.0 = Debug|Any CPU
		{B37E2ED9-9F7B-414D-8380-492EC55683CF}.Debug|ARM64.ActiveCfg = Debug|Any CPU
		{B37E2ED9-9F7B-414D-8380-492EC55683CF}.Debug|ARM64.Build.0 = Debug|Any CPU
		{B37E2ED9-9F7B-414D-8380-492EC55683CF}.Debug|x64.ActiveCfg = Debug|Any CPU
		{B37E2ED9-9F7B-414D-8380-492EC55683CF}.Debug|x64.Build.0 = Debug|Any CPU
		{B37E2ED9-9F7B-414D-8380-492EC55683CF}.Debug|x86.ActiveCfg = Debug|Any CPU
		{B37E2ED9-9F7B-414D-8380-492EC55683CF}.Debug|x86.Build.0 = Debug|Any CPU
		{B37E2ED9-9F7B-414D-8380-492EC55683CF}.Release|Any CPU.ActiveCfg = Release|Any CPU
		{B37E2ED9-9F7B-414D-8380-492EC55683CF}.Release|Any CPU.Build.0 = Release|Any CPU
		{B37E2ED9-9F7B-414D-8380-492EC55683CF}.Release|ARM.ActiveCfg = Release|Any CPU
		{B37E2ED9-9F7B-414D-8380-492EC55683CF}.Release|ARM.Build.0 = Release|Any CPU
		{B37E2ED9-9F7B-414D-8380-492EC55683CF}.Release|ARM64.ActiveCfg = Release|Any CPU
		{B37E2ED9-9F7B-414D-8380-492EC55683CF}.Release|ARM64.Build.0 = Release|Any CPU
		{B37E2ED9-9F7B-414D-8380-492EC55683CF}.Release|x64.ActiveCfg = Release|Any CPU
		{B37E2ED9-9F7B-414D-8380-492EC55683CF}.Release|x64.Build.0 = Release|Any CPU
		{B37E2ED9-9F7B-414D-8380-492EC55683CF}.Release|x86.ActiveCfg = Release|Any CPU
		{B37E2ED9-9F7B-414D-8380-492EC55683CF}.Release|x86.Build.0 = Release|Any CPU
		{CCA2E5EE-3B24-41C8-8D72-28FBE4C07E4F}.Debug|Any CPU.ActiveCfg = Debug|Win32
		{CCA2E5EE-3B24-41C8-8D72-28FBE4C07E4F}.Debug|Any CPU.Build.0 = Debug|Win32
		{CCA2E5EE-3B24-41C8-8D72-28FBE4C07E4F}.Debug|ARM.ActiveCfg = Debug|Win32
		{CCA2E5EE-3B24-41C8-8D72-28FBE4C07E4F}.Debug|ARM.Build.0 = Debug|Win32
		{CCA2E5EE-3B24-41C8-8D72-28FBE4C07E4F}.Debug|ARM64.ActiveCfg = Debug|Win32
		{CCA2E5EE-3B24-41C8-8D72-28FBE4C07E4F}.Debug|x64.ActiveCfg = Debug|x64
		{CCA2E5EE-3B24-41C8-8D72-28FBE4C07E4F}.Debug|x64.Build.0 = Debug|x64
		{CCA2E5EE-3B24-41C8-8D72-28FBE4C07E4F}.Debug|x86.ActiveCfg = Debug|Win32
		{CCA2E5EE-3B24-41C8-8D72-28FBE4C07E4F}.Debug|x86.Build.0 = Debug|Win32
		{CCA2E5EE-3B24-41C8-8D72-28FBE4C07E4F}.Release|Any CPU.ActiveCfg = Release|Win32
		{CCA2E5EE-3B24-41C8-8D72-28FBE4C07E4F}.Release|ARM.ActiveCfg = Release|Win32
		{CCA2E5EE-3B24-41C8-8D72-28FBE4C07E4F}.Release|ARM64.ActiveCfg = Release|Win32
		{CCA2E5EE-3B24-41C8-8D72-28FBE4C07E4F}.Release|x64.ActiveCfg = Release|x64
		{CCA2E5EE-3B24-41C8-8D72-28FBE4C07E4F}.Release|x64.Build.0 = Release|x64
		{CCA2E5EE-3B24-41C8-8D72-28FBE4C07E4F}.Release|x86.ActiveCfg = Release|Win32
		{CCA2E5EE-3B24-41C8-8D72-28FBE4C07E4F}.Release|x86.Build.0 = Release|Win32
		{41C9100F-371D-49D4-AAD1-B03DD2CC6BD3}.Debug|Any CPU.ActiveCfg = Debug|x64
		{41C9100F-371D-49D4-AAD1-B03DD2CC6BD3}.Debug|Any CPU.Build.0 = Debug|x64
		{41C9100F-371D-49D4-AAD1-B03DD2CC6BD3}.Debug|ARM.ActiveCfg = Debug|x64
		{41C9100F-371D-49D4-AAD1-B03DD2CC6BD3}.Debug|ARM.Build.0 = Debug|x64
		{41C9100F-371D-49D4-AAD1-B03DD2CC6BD3}.Debug|ARM64.ActiveCfg = Debug|x64
		{41C9100F-371D-49D4-AAD1-B03DD2CC6BD3}.Debug|x64.ActiveCfg = Debug|x64
		{41C9100F-371D-49D4-AAD1-B03DD2CC6BD3}.Debug|x64.Build.0 = Debug|x64
		{41C9100F-371D-49D4-AAD1-B03DD2CC6BD3}.Debug|x86.ActiveCfg = Debug|x64
		{41C9100F-371D-49D4-AAD1-B03DD2CC6BD3}.Release|Any CPU.ActiveCfg = Release|x64
		{41C9100F-371D-49D4-AAD1-B03DD2CC6BD3}.Release|ARM.ActiveCfg = Release|x64
		{41C9100F-371D-49D4-AAD1-B03DD2CC6BD3}.Release|ARM64.ActiveCfg = Release|x64
		{41C9100F-371D-49D4-AAD1-B03DD2CC6BD3}.Release|x64.ActiveCfg = Release|x64
		{41C9100F-371D-49D4-AAD1-B03DD2CC6BD3}.Release|x64.Build.0 = Release|x64
		{41C9100F-371D-49D4-AAD1-B03DD2CC6BD3}.Release|x86.ActiveCfg = Release|x64
		{6A598B6B-7541-47F8-9C83-A4C8713788F5}.Debug|Any CPU.ActiveCfg = Debug|x64
		{6A598B6B-7541-47F8-9C83-A4C8713788F5}.Debug|Any CPU.Build.0 = Debug|x64
		{6A598B6B-7541-47F8-9C83-A4C8713788F5}.Debug|ARM.ActiveCfg = Debug|x64
		{6A598B6B-7541-47F8-9C83-A4C8713788F5}.Debug|ARM64.ActiveCfg = Debug|x64
		{6A598B6B-7541-47F8-9C83-A4C8713788F5}.Debug|x64.ActiveCfg = Debug|x64
		{6A598B6B-7541-47F8-9C83-A4C8713788F5}.Debug|x64.Build.0 = Debug|x64
		{6A598B6B-7541-47F8-9C83-A4C8713788F5}.Debug|x64.Deploy.0 = Debug|x64
		{6A598B6B-7541-47F8-9C83-A4C8713788F5}.Debug|x86.ActiveCfg = Debug|x64
		{6A598B6B-7541-47F8-9C83-A4C8713788F5}.Release|Any CPU.ActiveCfg = Release|x64
		{6A598B6B-7541-47F8-9C83-A4C8713788F5}.Release|ARM.ActiveCfg = Release|x64
		{6A598B6B-7541-47F8-9C83-A4C8713788F5}.Release|ARM64.ActiveCfg = Release|x64
		{6A598B6B-7541-47F8-9C83-A4C8713788F5}.Release|x64.ActiveCfg = Release|x64
		{6A598B6B-7541-47F8-9C83-A4C8713788F5}.Release|x64.Build.0 = Release|x64
		{6A598B6B-7541-47F8-9C83-A4C8713788F5}.Release|x64.Deploy.0 = Release|x64
		{6A598B6B-7541-47F8-9C83-A4C8713788F5}.Release|x86.ActiveCfg = Release|x64
		{7FA4447C-0EF1-4368-A135-8FEDC043C972}.Debug|Any CPU.ActiveCfg = Debug|x86
		{7FA4447C-0EF1-4368-A135-8FEDC043C972}.Debug|Any CPU.Build.0 = Debug|x86
		{7FA4447C-0EF1-4368-A135-8FEDC043C972}.Debug|ARM.ActiveCfg = Debug|x86
		{7FA4447C-0EF1-4368-A135-8FEDC043C972}.Debug|ARM64.ActiveCfg = Debug|x86
		{7FA4447C-0EF1-4368-A135-8FEDC043C972}.Debug|x64.ActiveCfg = Debug|x86
		{7FA4447C-0EF1-4368-A135-8FEDC043C972}.Debug|x86.ActiveCfg = Debug|x86
		{7FA4447C-0EF1-4368-A135-8FEDC043C972}.Debug|x86.Build.0 = Debug|x86
		{7FA4447C-0EF1-4368-A135-8FEDC043C972}.Debug|x86.Deploy.0 = Debug|x86
		{7FA4447C-0EF1-4368-A135-8FEDC043C972}.Release|Any CPU.ActiveCfg = Release|x86
		{7FA4447C-0EF1-4368-A135-8FEDC043C972}.Release|ARM.ActiveCfg = Release|x86
		{7FA4447C-0EF1-4368-A135-8FEDC043C972}.Release|ARM64.ActiveCfg = Release|x86
		{7FA4447C-0EF1-4368-A135-8FEDC043C972}.Release|x64.ActiveCfg = Release|x86
		{7FA4447C-0EF1-4368-A135-8FEDC043C972}.Release|x86.ActiveCfg = Release|x86
		{7FA4447C-0EF1-4368-A135-8FEDC043C972}.Release|x86.Build.0 = Release|x86
		{7FA4447C-0EF1-4368-A135-8FEDC043C972}.Release|x86.Deploy.0 = Release|x86
		{15C3AC39-D93D-4E52-8DCC-C8E61828B220}.Debug|Any CPU.ActiveCfg = Debug|x64
		{15C3AC39-D93D-4E52-8DCC-C8E61828B220}.Debug|Any CPU.Build.0 = Debug|x64
		{15C3AC39-D93D-4E52-8DCC-C8E61828B220}.Debug|ARM.ActiveCfg = Debug|x64
		{15C3AC39-D93D-4E52-8DCC-C8E61828B220}.Debug|ARM64.ActiveCfg = Debug|x64
		{15C3AC39-D93D-4E52-8DCC-C8E61828B220}.Debug|x64.ActiveCfg = Debug|x64
		{15C3AC39-D93D-4E52-8DCC-C8E61828B220}.Debug|x64.Build.0 = Debug|x64
		{15C3AC39-D93D-4E52-8DCC-C8E61828B220}.Debug|x64.Deploy.0 = Debug|x64
		{15C3AC39-D93D-4E52-8DCC-C8E61828B220}.Debug|x86.ActiveCfg = Debug|x64
		{15C3AC39-D93D-4E52-8DCC-C8E61828B220}.Release|Any CPU.ActiveCfg = Release|x64
		{15C3AC39-D93D-4E52-8DCC-C8E61828B220}.Release|ARM.ActiveCfg = Release|x64
		{15C3AC39-D93D-4E52-8DCC-C8E61828B220}.Release|ARM64.ActiveCfg = Release|x64
		{15C3AC39-D93D-4E52-8DCC-C8E61828B220}.Release|x64.ActiveCfg = Release|x64
		{15C3AC39-D93D-4E52-8DCC-C8E61828B220}.Release|x64.Build.0 = Release|x64
		{15C3AC39-D93D-4E52-8DCC-C8E61828B220}.Release|x64.Deploy.0 = Release|x64
		{15C3AC39-D93D-4E52-8DCC-C8E61828B220}.Release|x86.ActiveCfg = Release|x64
		{48853572-DA26-4F02-B25E-0B1861E40A70}.Debug|Any CPU.ActiveCfg = Debug|x86
		{48853572-DA26-4F02-B25E-0B1861E40A70}.Debug|Any CPU.Build.0 = Debug|x86
		{48853572-DA26-4F02-B25E-0B1861E40A70}.Debug|ARM.ActiveCfg = Debug|x86
		{48853572-DA26-4F02-B25E-0B1861E40A70}.Debug|ARM64.ActiveCfg = Debug|x86
		{48853572-DA26-4F02-B25E-0B1861E40A70}.Debug|x64.ActiveCfg = Debug|x86
		{48853572-DA26-4F02-B25E-0B1861E40A70}.Debug|x86.ActiveCfg = Debug|x86
		{48853572-DA26-4F02-B25E-0B1861E40A70}.Debug|x86.Build.0 = Debug|x86
		{48853572-DA26-4F02-B25E-0B1861E40A70}.Debug|x86.Deploy.0 = Debug|x86
		{48853572-DA26-4F02-B25E-0B1861E40A70}.Release|Any CPU.ActiveCfg = Release|x86
		{48853572-DA26-4F02-B25E-0B1861E40A70}.Release|ARM.ActiveCfg = Release|x86
		{48853572-DA26-4F02-B25E-0B1861E40A70}.Release|ARM64.ActiveCfg = Release|x86
		{48853572-DA26-4F02-B25E-0B1861E40A70}.Release|x64.ActiveCfg = Release|x86
		{48853572-DA26-4F02-B25E-0B1861E40A70}.Release|x86.ActiveCfg = Release|x86
		{48853572-DA26-4F02-B25E-0B1861E40A70}.Release|x86.Build.0 = Release|x86
		{48853572-DA26-4F02-B25E-0B1861E40A70}.Release|x86.Deploy.0 = Release|x86
		{A723B362-0BC0-4302-A666-97B488A4543A}.Debug|Any CPU.ActiveCfg = Debug|Any CPU
		{A723B362-0BC0-4302-A666-97B488A4543A}.Debug|Any CPU.Build.0 = Debug|Any CPU
		{A723B362-0BC0-4302-A666-97B488A4543A}.Debug|ARM.ActiveCfg = Debug|Any CPU
		{A723B362-0BC0-4302-A666-97B488A4543A}.Debug|ARM.Build.0 = Debug|Any CPU
		{A723B362-0BC0-4302-A666-97B488A4543A}.Debug|ARM64.ActiveCfg = Debug|Any CPU
		{A723B362-0BC0-4302-A666-97B488A4543A}.Debug|ARM64.Build.0 = Debug|Any CPU
		{A723B362-0BC0-4302-A666-97B488A4543A}.Debug|x64.ActiveCfg = Debug|Any CPU
		{A723B362-0BC0-4302-A666-97B488A4543A}.Debug|x64.Build.0 = Debug|Any CPU
		{A723B362-0BC0-4302-A666-97B488A4543A}.Debug|x86.ActiveCfg = Debug|Any CPU
		{A723B362-0BC0-4302-A666-97B488A4543A}.Debug|x86.Build.0 = Debug|Any CPU
		{A723B362-0BC0-4302-A666-97B488A4543A}.Release|Any CPU.ActiveCfg = Release|Any CPU
		{A723B362-0BC0-4302-A666-97B488A4543A}.Release|Any CPU.Build.0 = Release|Any CPU
		{A723B362-0BC0-4302-A666-97B488A4543A}.Release|ARM.ActiveCfg = Release|Any CPU
		{A723B362-0BC0-4302-A666-97B488A4543A}.Release|ARM.Build.0 = Release|Any CPU
		{A723B362-0BC0-4302-A666-97B488A4543A}.Release|ARM64.ActiveCfg = Release|Any CPU
		{A723B362-0BC0-4302-A666-97B488A4543A}.Release|ARM64.Build.0 = Release|Any CPU
		{A723B362-0BC0-4302-A666-97B488A4543A}.Release|x64.ActiveCfg = Release|Any CPU
		{A723B362-0BC0-4302-A666-97B488A4543A}.Release|x64.Build.0 = Release|Any CPU
		{A723B362-0BC0-4302-A666-97B488A4543A}.Release|x86.ActiveCfg = Release|Any CPU
		{A723B362-0BC0-4302-A666-97B488A4543A}.Release|x86.Build.0 = Release|Any CPU
	EndGlobalSection
	GlobalSection(SolutionProperties) = preSolution
		HideSolutionNode = FALSE
	EndGlobalSection
	GlobalSection(NestedProjects) = preSolution
		{EB798EE4-6253-4769-A733-07144EFF94BA} = {23BC9A12-C1DC-4C1C-A799-0AF200780D9C}
		{77C459EC-225F-47BF-ADFD-0ABC4A451CAB} = {BDAD0FA5-BBDF-4F6B-B117-4A222B60CB83}
		{CB2A778D-C4F7-47DF-8F1C-55E59B22F2F0} = {BDAD0FA5-BBDF-4F6B-B117-4A222B60CB83}
		{6FF8B5E4-B68D-4CD1-BCC4-6BDDC5A6B99D} = {BDAD0FA5-BBDF-4F6B-B117-4A222B60CB83}
		{7B35F5C5-1CCD-43C5-B3A1-F885625D80DC} = {BDAD0FA5-BBDF-4F6B-B117-4A222B60CB83}
		{9CEBE5EF-3845-4DBF-8058-AD9E0401B016} = {23BC9A12-C1DC-4C1C-A799-0AF200780D9C}
		{397120FD-4B52-4D60-9E67-448E8EFE4FAC} = {23BC9A12-C1DC-4C1C-A799-0AF200780D9C}
		{B37E2ED9-9F7B-414D-8380-492EC55683CF} = {23BC9A12-C1DC-4C1C-A799-0AF200780D9C}
	EndGlobalSection
	GlobalSection(ExtensibilityGlobals) = postSolution
		SolutionGuid = {6D635BC8-0B0E-4835-9367-310A2779B655}
	EndGlobalSection
EndGlobal
