
Microsoft Visual Studio Solution File, Format Version 12.00
# Visual Studio Version 16
VisualStudioVersion = 16.0.32802.440
MinimumVisualStudioVersion = 10.0.40219.1
Project("{FAE04EC0-301F-11D3-BF4B-00C04F79EFBC}") = "BinaryStudio.Modeling.UnifiedModelingLanguage", "src\dotnet\assemblies\BinaryStudio.Modeling.UnifiedModelingLanguage\BinaryStudio.Modeling.UnifiedModelingLanguage.csproj", "{D3BD5FDA-0CE4-4CC9-BCC9-21CCCBEB61DC}"
EndProject
Global
	GlobalSection(SolutionConfigurationPlatforms) = preSolution
		Debug|Any CPU = Debug|Any CPU
		Release|Any CPU = Release|Any CPU
	EndGlobalSection
	GlobalSection(ProjectConfigurationPlatforms) = postSolution
		{D3BD5FDA-0CE4-4CC9-BCC9-21CCCBEB61DC}.Debug|Any CPU.ActiveCfg = Debug|Any CPU
		{D3BD5FDA-0CE4-4CC9-BCC9-21CCCBEB61DC}.Debug|Any CPU.Build.0 = Debug|Any CPU
		{D3BD5FDA-0CE4-4CC9-BCC9-21CCCBEB61DC}.Release|Any CPU.ActiveCfg = Release|Any CPU
		{D3BD5FDA-0CE4-4CC9-BCC9-21CCCBEB61DC}.Release|Any CPU.Build.0 = Release|Any CPU
	EndGlobalSection
	GlobalSection(SolutionProperties) = preSolution
		HideSolutionNode = FALSE
	EndGlobalSection
	GlobalSection(ExtensibilityGlobals) = postSolution
		SolutionGuid = {6D635BC8-0B0E-4835-9367-310A2779B655}
	EndGlobalSection
EndGlobal
