
Microsoft Visual Studio Solution File, Format Version 12.00
# Visual Studio Version 16
VisualStudioVersion = 16.0.32802.440
MinimumVisualStudioVersion = 10.0.40219.1
Project("{9A19103F-16F7-4668-BE54-9A1E7A4F7556}") = "BinaryStudio.Modeling.UnifiedModelingLanguage", "src\dotnet\assemblies\BinaryStudio.Modeling.UnifiedModelingLanguage\BinaryStudio.Modeling.UnifiedModelingLanguage.csproj", "{D3BD5FDA-0CE4-4CC9-BCC9-21CCCBEB61DC}"
EndProject
Project("{FAE04EC0-301F-11D3-BF4B-00C04F79EFBC}") = "BinaryStudio.Modeling.VSShellPackage", "src\dotnet\packages\BinaryStudio.Modeling.VSShellPackage\BinaryStudio.Modeling.VSShellPackage.csproj", "{7994C105-8A6E-4DA9-88F1-D1CD867A9EAA}"
EndProject
Project("{9A19103F-16F7-4668-BE54-9A1E7A4F7556}") = "BinaryStudio.Modeling.PlatformUI", "src\dotnet\assemblies\BinaryStudio.Modeling.PlatformUI\BinaryStudio.Modeling.PlatformUI.csproj", "{CF1F7531-1568-40B1-8E2B-59D8829EC6CC}"
EndProject
Project("{9A19103F-16F7-4668-BE54-9A1E7A4F7556}") = "BinaryStudio.PlatformUI", "src\dotnet\assemblies\BinaryStudio.PlatformUI\BinaryStudio.PlatformUI.csproj", "{851F4AE5-62B5-40CB-BDDB-6B2B2BD7C198}"
EndProject
Project("{9A19103F-16F7-4668-BE54-9A1E7A4F7556}") = "BinaryStudio.Modeling", "src\dotnet\assemblies\BinaryStudio.Modeling\BinaryStudio.Modeling.csproj", "{9B256AA9-D8A8-4B62-A5EA-4FE375505685}"
EndProject
Project("{9A19103F-16F7-4668-BE54-9A1E7A4F7556}") = "XYViewportSample", "src\dotnet\samples\XYViewportSample\XYViewportSample.csproj", "{78E586B8-1BB9-4A72-9441-B165FB2030C8}"
EndProject
Project("{FAE04EC0-301F-11D3-BF4B-00C04F79EFBC}") = "BinaryStudio.DiagnosticServices", "src\dotnet\assemblies\BinaryStudio.DiagnosticServices\BinaryStudio.DiagnosticServices.csproj", "{C95424F3-2787-497C-8EB7-755F0278C86D}"
EndProject
Global
	GlobalSection(SolutionConfigurationPlatforms) = preSolution
		Debug|Any CPU = Debug|Any CPU
		Release|Any CPU = Release|Any CPU
	EndGlobalSection
	GlobalSection(ProjectConfigurationPlatforms) = postSolution
		{D3BD5FDA-0CE4-4CC9-BCC9-21CCCBEB61DC}.Debug|Any CPU.ActiveCfg = Debug|Any CPU
		{D3BD5FDA-0CE4-4CC9-BCC9-21CCCBEB61DC}.Debug|Any CPU.Build.0 = Debug|Any CPU
		{D3BD5FDA-0CE4-4CC9-BCC9-21CCCBEB61DC}.Release|Any CPU.ActiveCfg = Release|Any CPU
		{D3BD5FDA-0CE4-4CC9-BCC9-21CCCBEB61DC}.Release|Any CPU.Build.0 = Release|Any CPU
		{7994C105-8A6E-4DA9-88F1-D1CD867A9EAA}.Debug|Any CPU.ActiveCfg = Debug|Any CPU
		{7994C105-8A6E-4DA9-88F1-D1CD867A9EAA}.Debug|Any CPU.Build.0 = Debug|Any CPU
		{7994C105-8A6E-4DA9-88F1-D1CD867A9EAA}.Release|Any CPU.ActiveCfg = Release|Any CPU
		{7994C105-8A6E-4DA9-88F1-D1CD867A9EAA}.Release|Any CPU.Build.0 = Release|Any CPU
		{CF1F7531-1568-40B1-8E2B-59D8829EC6CC}.Debug|Any CPU.ActiveCfg = Debug|Any CPU
		{CF1F7531-1568-40B1-8E2B-59D8829EC6CC}.Debug|Any CPU.Build.0 = Debug|Any CPU
		{CF1F7531-1568-40B1-8E2B-59D8829EC6CC}.Release|Any CPU.ActiveCfg = Release|Any CPU
		{CF1F7531-1568-40B1-8E2B-59D8829EC6CC}.Release|Any CPU.Build.0 = Release|Any CPU
		{851F4AE5-62B5-40CB-BDDB-6B2B2BD7C198}.Debug|Any CPU.ActiveCfg = Debug|Any CPU
		{851F4AE5-62B5-40CB-BDDB-6B2B2BD7C198}.Debug|Any CPU.Build.0 = Debug|Any CPU
		{851F4AE5-62B5-40CB-BDDB-6B2B2BD7C198}.Release|Any CPU.ActiveCfg = Release|Any CPU
		{851F4AE5-62B5-40CB-BDDB-6B2B2BD7C198}.Release|Any CPU.Build.0 = Release|Any CPU
		{9B256AA9-D8A8-4B62-A5EA-4FE375505685}.Debug|Any CPU.ActiveCfg = Debug|Any CPU
		{9B256AA9-D8A8-4B62-A5EA-4FE375505685}.Debug|Any CPU.Build.0 = Debug|Any CPU
		{9B256AA9-D8A8-4B62-A5EA-4FE375505685}.Release|Any CPU.ActiveCfg = Release|Any CPU
		{9B256AA9-D8A8-4B62-A5EA-4FE375505685}.Release|Any CPU.Build.0 = Release|Any CPU
		{78E586B8-1BB9-4A72-9441-B165FB2030C8}.Debug|Any CPU.ActiveCfg = Debug|Any CPU
		{78E586B8-1BB9-4A72-9441-B165FB2030C8}.Debug|Any CPU.Build.0 = Debug|Any CPU
		{78E586B8-1BB9-4A72-9441-B165FB2030C8}.Release|Any CPU.ActiveCfg = Release|Any CPU
		{78E586B8-1BB9-4A72-9441-B165FB2030C8}.Release|Any CPU.Build.0 = Release|Any CPU
		{C95424F3-2787-497C-8EB7-755F0278C86D}.Debug|Any CPU.ActiveCfg = Debug|Any CPU
		{C95424F3-2787-497C-8EB7-755F0278C86D}.Debug|Any CPU.Build.0 = Debug|Any CPU
		{C95424F3-2787-497C-8EB7-755F0278C86D}.Release|Any CPU.ActiveCfg = Release|Any CPU
		{C95424F3-2787-497C-8EB7-755F0278C86D}.Release|Any CPU.Build.0 = Release|Any CPU
	EndGlobalSection
	GlobalSection(SolutionProperties) = preSolution
		HideSolutionNode = FALSE
	EndGlobalSection
	GlobalSection(ExtensibilityGlobals) = postSolution
		SolutionGuid = {6D635BC8-0B0E-4835-9367-310A2779B655}
	EndGlobalSection
EndGlobal
